// !$*UTF8*$!
{
	archiveVersion = 1;
	classes = {
	};
	objectVersion = 55;
	objects = {

/* Begin PBXBuildFile section */
		AE3E47D728DF89D0005C355C /* TitleDescriptionView.swift in Sources */ = {isa = PBXBuildFile; fileRef = AE3E47D628DF89D0005C355C /* TitleDescriptionView.swift */; };
		AE3E47DB28DF9668005C355C /* IconLabelView.swift in Sources */ = {isa = PBXBuildFile; fileRef = AE3E47DA28DF9668005C355C /* IconLabelView.swift */; };
		AE3E47DD28DF9765005C355C /* LabelProperties.swift in Sources */ = {isa = PBXBuildFile; fileRef = AE3E47DC28DF9765005C355C /* LabelProperties.swift */; };
		AE3E47ED28E040F5005C355C /* SwiftUIEngineerTests.swift in Sources */ = {isa = PBXBuildFile; fileRef = AE3E47EC28E040F5005C355C /* SwiftUIEngineerTests.swift */; };
		AE3E47F728E04188005C355C /* HomePageViewModelTests.swift in Sources */ = {isa = PBXBuildFile; fileRef = AE3E47F428E0411C005C355C /* HomePageViewModelTests.swift */; };
		AE3E47F828E04188005C355C /* ListRowViewModelTests.swift in Sources */ = {isa = PBXBuildFile; fileRef = AE3E47F328E0411C005C355C /* ListRowViewModelTests.swift */; };
		AE3E47FA28E05077005C355C /* DetailPageViewModelTests.swift in Sources */ = {isa = PBXBuildFile; fileRef = AE3E47F928E05077005C355C /* DetailPageViewModelTests.swift */; };
		AE3E47FC28E05307005C355C /* EventPageViewModelTests.swift in Sources */ = {isa = PBXBuildFile; fileRef = AE3E47FB28E05307005C355C /* EventPageViewModelTests.swift */; };
		AEDFC1B828E078F2008EA5E8 /* DetailPageViewModel.swift in Sources */ = {isa = PBXBuildFile; fileRef = AEDFC1A828E078F2008EA5E8 /* DetailPageViewModel.swift */; };
		AEDFC1B928E078F2008EA5E8 /* HomePageViewModel.swift in Sources */ = {isa = PBXBuildFile; fileRef = AEDFC1A928E078F2008EA5E8 /* HomePageViewModel.swift */; };
		AEDFC1BA28E078F2008EA5E8 /* ListRowViewModel.swift in Sources */ = {isa = PBXBuildFile; fileRef = AEDFC1AA28E078F2008EA5E8 /* ListRowViewModel.swift */; };
		AEDFC1BB28E078F2008EA5E8 /* EventPageViewModel.swift in Sources */ = {isa = PBXBuildFile; fileRef = AEDFC1AB28E078F2008EA5E8 /* EventPageViewModel.swift */; };
		AEDFC1BC28E078F2008EA5E8 /* Assets.xcassets in Resources */ = {isa = PBXBuildFile; fileRef = AEDFC1AC28E078F2008EA5E8 /* Assets.xcassets */; };
		AEDFC1BD28E078F2008EA5E8 /* SwiftUIEngineerApp.swift in Sources */ = {isa = PBXBuildFile; fileRef = AEDFC1AD28E078F2008EA5E8 /* SwiftUIEngineerApp.swift */; };
		AEDFC1BE28E078F2008EA5E8 /* HomePageData.swift in Sources */ = {isa = PBXBuildFile; fileRef = AEDFC1AF28E078F2008EA5E8 /* HomePageData.swift */; };
		AEDFC1BF28E078F2008EA5E8 /* HomePage.swift in Sources */ = {isa = PBXBuildFile; fileRef = AEDFC1B128E078F2008EA5E8 /* HomePage.swift */; };
		AEDFC1C028E078F2008EA5E8 /* DetailPage.swift in Sources */ = {isa = PBXBuildFile; fileRef = AEDFC1B228E078F2008EA5E8 /* DetailPage.swift */; };
		AEDFC1C128E078F2008EA5E8 /* EventPage.swift in Sources */ = {isa = PBXBuildFile; fileRef = AEDFC1B328E078F2008EA5E8 /* EventPage.swift */; };
		AEDFC1C228E078F2008EA5E8 /* apistub.json in Resources */ = {isa = PBXBuildFile; fileRef = AEDFC1B428E078F2008EA5E8 /* apistub.json */; };
		AEDFC1C328E078F2008EA5E8 /* HomePageService.swift in Sources */ = {isa = PBXBuildFile; fileRef = AEDFC1B628E078F2008EA5E8 /* HomePageService.swift */; };
		AEDFC1C428E078F2008EA5E8 /* StubServer.swift in Sources */ = {isa = PBXBuildFile; fileRef = AEDFC1B728E078F2008EA5E8 /* StubServer.swift */; };
		AEDFC1C628E07FDC008EA5E8 /* SFSymbols.swift in Sources */ = {isa = PBXBuildFile; fileRef = AEDFC1C528E07FDC008EA5E8 /* SFSymbols.swift */; };
		AEDFC1C828E098EC008EA5E8 /* HomePageServiceTests.swift in Sources */ = {isa = PBXBuildFile; fileRef = AEDFC1C728E098EC008EA5E8 /* HomePageServiceTests.swift */; };
		AEF3C9E628DB23B900506492 /* SwiftUIViewComponents.docc in Sources */ = {isa = PBXBuildFile; fileRef = AEF3C9E528DB23B900506492 /* SwiftUIViewComponents.docc */; };
		AEF3C9EC28DB23B900506492 /* SwiftUIViewComponents.framework in Frameworks */ = {isa = PBXBuildFile; fileRef = AEF3C9E228DB23B900506492 /* SwiftUIViewComponents.framework */; };
		AEF3C9F328DB23B900506492 /* SwiftUIViewComponentsTests.swift in Sources */ = {isa = PBXBuildFile; fileRef = AEF3C9F228DB23B900506492 /* SwiftUIViewComponentsTests.swift */; };
		AEF3C9F728DB23B900506492 /* SwiftUIViewComponents.framework in Frameworks */ = {isa = PBXBuildFile; fileRef = AEF3C9E228DB23B900506492 /* SwiftUIViewComponents.framework */; };
		AEF3C9F828DB23B900506492 /* SwiftUIViewComponents.framework in Embed Frameworks */ = {isa = PBXBuildFile; fileRef = AEF3C9E228DB23B900506492 /* SwiftUIViewComponents.framework */; settings = {ATTRIBUTES = (CodeSignOnCopy, RemoveHeadersOnCopy, ); }; };
		AEF3CA0128DB23DC00506492 /* View+NavigationTitle.swift in Sources */ = {isa = PBXBuildFile; fileRef = AEF3CA0028DB23DC00506492 /* View+NavigationTitle.swift */; };
		AEF3CA0C28DB651000506492 /* ListRowView.swift in Sources */ = {isa = PBXBuildFile; fileRef = AEF3CA0B28DB650F00506492 /* ListRowView.swift */; };
		AEF3CA1028DB937200506492 /* Padding.swift in Sources */ = {isa = PBXBuildFile; fileRef = AEF3CA0F28DB937200506492 /* Padding.swift */; };
		AEF3CA2628DCFA0500506492 /* Container.docc in Sources */ = {isa = PBXBuildFile; fileRef = AEF3CA2528DCFA0500506492 /* Container.docc */; };
		AEF3CA2C28DCFA0600506492 /* Container.framework in Frameworks */ = {isa = PBXBuildFile; fileRef = AEF3CA2228DCFA0500506492 /* Container.framework */; };
		AEF3CA3328DCFA0600506492 /* ContainerTests.swift in Sources */ = {isa = PBXBuildFile; fileRef = AEF3CA3228DCFA0600506492 /* ContainerTests.swift */; };
		AEF3CA3728DCFA0600506492 /* Container.framework in Frameworks */ = {isa = PBXBuildFile; fileRef = AEF3CA2228DCFA0500506492 /* Container.framework */; };
		AEF3CA3828DCFA0600506492 /* Container.framework in Embed Frameworks */ = {isa = PBXBuildFile; fileRef = AEF3CA2228DCFA0500506492 /* Container.framework */; settings = {ATTRIBUTES = (CodeSignOnCopy, RemoveHeadersOnCopy, ); }; };
		AEF3CA3F28DCFA3B00506492 /* AppError.swift in Sources */ = {isa = PBXBuildFile; fileRef = AEF3CA1928DCEE0300506492 /* AppError.swift */; };
		AEF3CA4028DCFA5D00506492 /* NetworkConfig.swift in Sources */ = {isa = PBXBuildFile; fileRef = AEF3CA1B28DCF91100506492 /* NetworkConfig.swift */; };
		AEF3CA4228DCFAF800506492 /* Container.swift in Sources */ = {isa = PBXBuildFile; fileRef = AEF3CA4128DCFAF800506492 /* Container.swift */; };
		AEF3CA4A28DEEE1400506492 /* CapsuleButton.swift in Sources */ = {isa = PBXBuildFile; fileRef = AEF3CA4928DEEE1400506492 /* CapsuleButton.swift */; };
		AEF3CA4C28DEF33900506492 /* BackgroundModifierView.swift in Sources */ = {isa = PBXBuildFile; fileRef = AEF3CA4B28DEF33900506492 /* BackgroundModifierView.swift */; };
		AEF3CAA728DF25FB00506492 /* Color+App.swift in Sources */ = {isa = PBXBuildFile; fileRef = AEF3CAA628DF25FB00506492 /* Color+App.swift */; };
		AEF3CAA928DF27DE00506492 /* TagsView.swift in Sources */ = {isa = PBXBuildFile; fileRef = AEF3CAA828DF27DE00506492 /* TagsView.swift */; };
/* End PBXBuildFile section */

/* Begin PBXContainerItemProxy section */
		AE3E47EE28E040F5005C355C /* PBXContainerItemProxy */ = {
			isa = PBXContainerItemProxy;
			containerPortal = AE26175428DAF8C0009EDE3F /* Project object */;
			proxyType = 1;
			remoteGlobalIDString = AE26175F28DAF8C2009EDE3F;
			remoteInfo = "SwiftUIEngineer (iOS)";
		};
		AEF3C9ED28DB23B900506492 /* PBXContainerItemProxy */ = {
			isa = PBXContainerItemProxy;
			containerPortal = AE26175428DAF8C0009EDE3F /* Project object */;
			proxyType = 1;
			remoteGlobalIDString = AEF3C9E128DB23B900506492;
			remoteInfo = SwiftUIViewComponents;
		};
		AEF3C9EF28DB23B900506492 /* PBXContainerItemProxy */ = {
			isa = PBXContainerItemProxy;
			containerPortal = AE26175428DAF8C0009EDE3F /* Project object */;
			proxyType = 1;
			remoteGlobalIDString = AE26175F28DAF8C2009EDE3F;
			remoteInfo = "SwiftUIEngineer (iOS)";
		};
		AEF3C9F528DB23B900506492 /* PBXContainerItemProxy */ = {
			isa = PBXContainerItemProxy;
			containerPortal = AE26175428DAF8C0009EDE3F /* Project object */;
			proxyType = 1;
			remoteGlobalIDString = AEF3C9E128DB23B900506492;
			remoteInfo = SwiftUIViewComponents;
		};
		AEF3CA2D28DCFA0600506492 /* PBXContainerItemProxy */ = {
			isa = PBXContainerItemProxy;
			containerPortal = AE26175428DAF8C0009EDE3F /* Project object */;
			proxyType = 1;
			remoteGlobalIDString = AEF3CA2128DCFA0500506492;
			remoteInfo = Container;
		};
		AEF3CA2F28DCFA0600506492 /* PBXContainerItemProxy */ = {
			isa = PBXContainerItemProxy;
			containerPortal = AE26175428DAF8C0009EDE3F /* Project object */;
			proxyType = 1;
			remoteGlobalIDString = AE26175F28DAF8C2009EDE3F;
			remoteInfo = "SwiftUIEngineer (iOS)";
		};
		AEF3CA3528DCFA0600506492 /* PBXContainerItemProxy */ = {
			isa = PBXContainerItemProxy;
			containerPortal = AE26175428DAF8C0009EDE3F /* Project object */;
			proxyType = 1;
			remoteGlobalIDString = AEF3CA2128DCFA0500506492;
			remoteInfo = Container;
		};
/* End PBXContainerItemProxy section */

/* Begin PBXCopyFilesBuildPhase section */
		AEF3C9FC28DB23B900506492 /* Embed Frameworks */ = {
			isa = PBXCopyFilesBuildPhase;
			buildActionMask = 2147483647;
			dstPath = "";
			dstSubfolderSpec = 10;
			files = (
				AEF3CA3828DCFA0600506492 /* Container.framework in Embed Frameworks */,
				AEF3C9F828DB23B900506492 /* SwiftUIViewComponents.framework in Embed Frameworks */,
			);
			name = "Embed Frameworks";
			runOnlyForDeploymentPostprocessing = 0;
		};
/* End PBXCopyFilesBuildPhase section */

/* Begin PBXFileReference section */
		AE26176028DAF8C2009EDE3F /* SwiftUIEngineer.app */ = {isa = PBXFileReference; explicitFileType = wrapper.application; includeInIndex = 0; path = SwiftUIEngineer.app; sourceTree = BUILT_PRODUCTS_DIR; };
		AE3E47D628DF89D0005C355C /* TitleDescriptionView.swift */ = {isa = PBXFileReference; lastKnownFileType = sourcecode.swift; path = TitleDescriptionView.swift; sourceTree = "<group>"; };
		AE3E47DA28DF9668005C355C /* IconLabelView.swift */ = {isa = PBXFileReference; lastKnownFileType = sourcecode.swift; path = IconLabelView.swift; sourceTree = "<group>"; };
		AE3E47DC28DF9765005C355C /* LabelProperties.swift */ = {isa = PBXFileReference; lastKnownFileType = sourcecode.swift; path = LabelProperties.swift; sourceTree = "<group>"; };
		AE3E47EA28E040F5005C355C /* SwiftUIEngineerTests.xctest */ = {isa = PBXFileReference; explicitFileType = wrapper.cfbundle; includeInIndex = 0; path = SwiftUIEngineerTests.xctest; sourceTree = BUILT_PRODUCTS_DIR; };
		AE3E47EC28E040F5005C355C /* SwiftUIEngineerTests.swift */ = {isa = PBXFileReference; lastKnownFileType = sourcecode.swift; path = SwiftUIEngineerTests.swift; sourceTree = "<group>"; };
		AE3E47F328E0411C005C355C /* ListRowViewModelTests.swift */ = {isa = PBXFileReference; fileEncoding = 4; lastKnownFileType = sourcecode.swift; path = ListRowViewModelTests.swift; sourceTree = "<group>"; };
		AE3E47F428E0411C005C355C /* HomePageViewModelTests.swift */ = {isa = PBXFileReference; fileEncoding = 4; lastKnownFileType = sourcecode.swift; path = HomePageViewModelTests.swift; sourceTree = "<group>"; };
		AE3E47F928E05077005C355C /* DetailPageViewModelTests.swift */ = {isa = PBXFileReference; lastKnownFileType = sourcecode.swift; name = DetailPageViewModelTests.swift; path = SwiftUIEngineerTests/DetailPageViewModelTests.swift; sourceTree = SOURCE_ROOT; };
		AE3E47FB28E05307005C355C /* EventPageViewModelTests.swift */ = {isa = PBXFileReference; lastKnownFileType = sourcecode.swift; path = EventPageViewModelTests.swift; sourceTree = "<group>"; };
		AEDFC1A828E078F2008EA5E8 /* DetailPageViewModel.swift */ = {isa = PBXFileReference; fileEncoding = 4; lastKnownFileType = sourcecode.swift; path = DetailPageViewModel.swift; sourceTree = "<group>"; };
		AEDFC1A928E078F2008EA5E8 /* HomePageViewModel.swift */ = {isa = PBXFileReference; fileEncoding = 4; lastKnownFileType = sourcecode.swift; path = HomePageViewModel.swift; sourceTree = "<group>"; };
		AEDFC1AA28E078F2008EA5E8 /* ListRowViewModel.swift */ = {isa = PBXFileReference; fileEncoding = 4; lastKnownFileType = sourcecode.swift; path = ListRowViewModel.swift; sourceTree = "<group>"; };
		AEDFC1AB28E078F2008EA5E8 /* EventPageViewModel.swift */ = {isa = PBXFileReference; fileEncoding = 4; lastKnownFileType = sourcecode.swift; path = EventPageViewModel.swift; sourceTree = "<group>"; };
		AEDFC1AC28E078F2008EA5E8 /* Assets.xcassets */ = {isa = PBXFileReference; lastKnownFileType = folder.assetcatalog; path = Assets.xcassets; sourceTree = "<group>"; };
		AEDFC1AD28E078F2008EA5E8 /* SwiftUIEngineerApp.swift */ = {isa = PBXFileReference; fileEncoding = 4; lastKnownFileType = sourcecode.swift; path = SwiftUIEngineerApp.swift; sourceTree = "<group>"; };
		AEDFC1AF28E078F2008EA5E8 /* HomePageData.swift */ = {isa = PBXFileReference; fileEncoding = 4; lastKnownFileType = sourcecode.swift; path = HomePageData.swift; sourceTree = "<group>"; };
		AEDFC1B128E078F2008EA5E8 /* HomePage.swift */ = {isa = PBXFileReference; fileEncoding = 4; lastKnownFileType = sourcecode.swift; path = HomePage.swift; sourceTree = "<group>"; };
		AEDFC1B228E078F2008EA5E8 /* DetailPage.swift */ = {isa = PBXFileReference; fileEncoding = 4; lastKnownFileType = sourcecode.swift; path = DetailPage.swift; sourceTree = "<group>"; };
		AEDFC1B328E078F2008EA5E8 /* EventPage.swift */ = {isa = PBXFileReference; fileEncoding = 4; lastKnownFileType = sourcecode.swift; path = EventPage.swift; sourceTree = "<group>"; };
		AEDFC1B428E078F2008EA5E8 /* apistub.json */ = {isa = PBXFileReference; fileEncoding = 4; lastKnownFileType = text.json; path = apistub.json; sourceTree = "<group>"; };
		AEDFC1B628E078F2008EA5E8 /* HomePageService.swift */ = {isa = PBXFileReference; fileEncoding = 4; lastKnownFileType = sourcecode.swift; path = HomePageService.swift; sourceTree = "<group>"; };
		AEDFC1B728E078F2008EA5E8 /* StubServer.swift */ = {isa = PBXFileReference; fileEncoding = 4; lastKnownFileType = sourcecode.swift; path = StubServer.swift; sourceTree = "<group>"; };
		AEDFC1C528E07FDC008EA5E8 /* SFSymbols.swift */ = {isa = PBXFileReference; lastKnownFileType = sourcecode.swift; path = SFSymbols.swift; sourceTree = "<group>"; };
		AEDFC1C728E098EC008EA5E8 /* HomePageServiceTests.swift */ = {isa = PBXFileReference; lastKnownFileType = sourcecode.swift; path = HomePageServiceTests.swift; sourceTree = "<group>"; };
		AEF3C9E228DB23B900506492 /* SwiftUIViewComponents.framework */ = {isa = PBXFileReference; explicitFileType = wrapper.framework; includeInIndex = 0; path = SwiftUIViewComponents.framework; sourceTree = BUILT_PRODUCTS_DIR; };
		AEF3C9E528DB23B900506492 /* SwiftUIViewComponents.docc */ = {isa = PBXFileReference; lastKnownFileType = folder.documentationcatalog; path = SwiftUIViewComponents.docc; sourceTree = "<group>"; };
		AEF3C9EB28DB23B900506492 /* SwiftUIViewComponentsTests.xctest */ = {isa = PBXFileReference; explicitFileType = wrapper.cfbundle; includeInIndex = 0; path = SwiftUIViewComponentsTests.xctest; sourceTree = BUILT_PRODUCTS_DIR; };
		AEF3C9F228DB23B900506492 /* SwiftUIViewComponentsTests.swift */ = {isa = PBXFileReference; lastKnownFileType = sourcecode.swift; path = SwiftUIViewComponentsTests.swift; sourceTree = "<group>"; };
		AEF3CA0028DB23DC00506492 /* View+NavigationTitle.swift */ = {isa = PBXFileReference; lastKnownFileType = sourcecode.swift; path = "View+NavigationTitle.swift"; sourceTree = "<group>"; };
		AEF3CA0B28DB650F00506492 /* ListRowView.swift */ = {isa = PBXFileReference; lastKnownFileType = sourcecode.swift; path = ListRowView.swift; sourceTree = "<group>"; };
		AEF3CA0F28DB937200506492 /* Padding.swift */ = {isa = PBXFileReference; lastKnownFileType = sourcecode.swift; path = Padding.swift; sourceTree = "<group>"; };
		AEF3CA1928DCEE0300506492 /* AppError.swift */ = {isa = PBXFileReference; lastKnownFileType = sourcecode.swift; path = AppError.swift; sourceTree = "<group>"; };
		AEF3CA1B28DCF91100506492 /* NetworkConfig.swift */ = {isa = PBXFileReference; lastKnownFileType = sourcecode.swift; path = NetworkConfig.swift; sourceTree = "<group>"; };
		AEF3CA2228DCFA0500506492 /* Container.framework */ = {isa = PBXFileReference; explicitFileType = wrapper.framework; includeInIndex = 0; path = Container.framework; sourceTree = BUILT_PRODUCTS_DIR; };
		AEF3CA2528DCFA0500506492 /* Container.docc */ = {isa = PBXFileReference; lastKnownFileType = folder.documentationcatalog; path = Container.docc; sourceTree = "<group>"; };
		AEF3CA2B28DCFA0600506492 /* ContainerTests.xctest */ = {isa = PBXFileReference; explicitFileType = wrapper.cfbundle; includeInIndex = 0; path = ContainerTests.xctest; sourceTree = BUILT_PRODUCTS_DIR; };
		AEF3CA3228DCFA0600506492 /* ContainerTests.swift */ = {isa = PBXFileReference; lastKnownFileType = sourcecode.swift; path = ContainerTests.swift; sourceTree = "<group>"; };
		AEF3CA4128DCFAF800506492 /* Container.swift */ = {isa = PBXFileReference; lastKnownFileType = sourcecode.swift; path = Container.swift; sourceTree = "<group>"; };
		AEF3CA4928DEEE1400506492 /* CapsuleButton.swift */ = {isa = PBXFileReference; lastKnownFileType = sourcecode.swift; path = CapsuleButton.swift; sourceTree = "<group>"; };
		AEF3CA4B28DEF33900506492 /* BackgroundModifierView.swift */ = {isa = PBXFileReference; lastKnownFileType = sourcecode.swift; path = BackgroundModifierView.swift; sourceTree = "<group>"; };
		AEF3CAA628DF25FB00506492 /* Color+App.swift */ = {isa = PBXFileReference; lastKnownFileType = sourcecode.swift; path = "Color+App.swift"; sourceTree = "<group>"; };
		AEF3CAA828DF27DE00506492 /* TagsView.swift */ = {isa = PBXFileReference; lastKnownFileType = sourcecode.swift; path = TagsView.swift; sourceTree = "<group>"; };
/* End PBXFileReference section */

/* Begin PBXFrameworksBuildPhase section */
		AE26175D28DAF8C2009EDE3F /* Frameworks */ = {
			isa = PBXFrameworksBuildPhase;
			buildActionMask = 2147483647;
			files = (
				AEF3CA3728DCFA0600506492 /* Container.framework in Frameworks */,
				AEF3C9F728DB23B900506492 /* SwiftUIViewComponents.framework in Frameworks */,
			);
			runOnlyForDeploymentPostprocessing = 0;
		};
		AE3E47E728E040F5005C355C /* Frameworks */ = {
			isa = PBXFrameworksBuildPhase;
			buildActionMask = 2147483647;
			files = (
			);
			runOnlyForDeploymentPostprocessing = 0;
		};
		AEF3C9DF28DB23B900506492 /* Frameworks */ = {
			isa = PBXFrameworksBuildPhase;
			buildActionMask = 2147483647;
			files = (
			);
			runOnlyForDeploymentPostprocessing = 0;
		};
		AEF3C9E828DB23B900506492 /* Frameworks */ = {
			isa = PBXFrameworksBuildPhase;
			buildActionMask = 2147483647;
			files = (
				AEF3C9EC28DB23B900506492 /* SwiftUIViewComponents.framework in Frameworks */,
			);
			runOnlyForDeploymentPostprocessing = 0;
		};
		AEF3CA1F28DCFA0500506492 /* Frameworks */ = {
			isa = PBXFrameworksBuildPhase;
			buildActionMask = 2147483647;
			files = (
			);
			runOnlyForDeploymentPostprocessing = 0;
		};
		AEF3CA2828DCFA0600506492 /* Frameworks */ = {
			isa = PBXFrameworksBuildPhase;
			buildActionMask = 2147483647;
			files = (
				AEF3CA2C28DCFA0600506492 /* Container.framework in Frameworks */,
			);
			runOnlyForDeploymentPostprocessing = 0;
		};
/* End PBXFrameworksBuildPhase section */

/* Begin PBXGroup section */
		AE26175328DAF8C0009EDE3F = {
			isa = PBXGroup;
			children = (
				AEDFC1A628E078F2008EA5E8 /* SwiftUIEngineer */,
				AE3E47EB28E040F5005C355C /* SwiftUIEngineerTests */,
				AEF3C9E328DB23B900506492 /* SwiftUIViewComponents */,
				AEF3C9F128DB23B900506492 /* SwiftUIViewComponentsTests */,
				AEF3CA2328DCFA0500506492 /* Container */,
				AEF3CA3128DCFA0600506492 /* ContainerTests */,
				AE26176128DAF8C2009EDE3F /* Products */,
				AE3E47E228DFAB31005C355C /* Frameworks */,
			);
			sourceTree = "<group>";
		};
		AE26176128DAF8C2009EDE3F /* Products */ = {
			isa = PBXGroup;
			children = (
				AE26176028DAF8C2009EDE3F /* SwiftUIEngineer.app */,
				AEF3C9E228DB23B900506492 /* SwiftUIViewComponents.framework */,
				AEF3C9EB28DB23B900506492 /* SwiftUIViewComponentsTests.xctest */,
				AEF3CA2228DCFA0500506492 /* Container.framework */,
				AEF3CA2B28DCFA0600506492 /* ContainerTests.xctest */,
				AE3E47EA28E040F5005C355C /* SwiftUIEngineerTests.xctest */,
			);
			name = Products;
			sourceTree = "<group>";
		};
		AE3E47E228DFAB31005C355C /* Frameworks */ = {
			isa = PBXGroup;
			children = (
			);
			name = Frameworks;
			sourceTree = "<group>";
		};
		AE3E47EB28E040F5005C355C /* SwiftUIEngineerTests */ = {
			isa = PBXGroup;
			children = (
				AE3E47F928E05077005C355C /* DetailPageViewModelTests.swift */,
				AE3E47FB28E05307005C355C /* EventPageViewModelTests.swift */,
				AE3E47F428E0411C005C355C /* HomePageViewModelTests.swift */,
				AE3E47F328E0411C005C355C /* ListRowViewModelTests.swift */,
				AE3E47EC28E040F5005C355C /* SwiftUIEngineerTests.swift */,
				AEDFC1C728E098EC008EA5E8 /* HomePageServiceTests.swift */,
			);
			path = SwiftUIEngineerTests;
			sourceTree = "<group>";
		};
		AEDFC1A628E078F2008EA5E8 /* SwiftUIEngineer */ = {
			isa = PBXGroup;
			children = (
				AEDFC1AE28E078F2008EA5E8 /* Model */,
				AEDFC1B028E078F2008EA5E8 /* View */,
				AEDFC1A728E078F2008EA5E8 /* ViewModel */,
				AEDFC1B528E078F2008EA5E8 /* Service */,
				AEDFC1AC28E078F2008EA5E8 /* Assets.xcassets */,
				AEDFC1AD28E078F2008EA5E8 /* SwiftUIEngineerApp.swift */,
				AEDFC1B428E078F2008EA5E8 /* apistub.json */,
			);
			path = SwiftUIEngineer;
			sourceTree = "<group>";
		};
		AEDFC1A728E078F2008EA5E8 /* ViewModel */ = {
			isa = PBXGroup;
			children = (
				AEDFC1A828E078F2008EA5E8 /* DetailPageViewModel.swift */,
				AEDFC1A928E078F2008EA5E8 /* HomePageViewModel.swift */,
				AEDFC1AA28E078F2008EA5E8 /* ListRowViewModel.swift */,
				AEDFC1AB28E078F2008EA5E8 /* EventPageViewModel.swift */,
			);
			path = ViewModel;
			sourceTree = "<group>";
		};
		AEDFC1AE28E078F2008EA5E8 /* Model */ = {
			isa = PBXGroup;
			children = (
				AEDFC1AF28E078F2008EA5E8 /* HomePageData.swift */,
			);
			path = Model;
			sourceTree = "<group>";
		};
		AEDFC1B028E078F2008EA5E8 /* View */ = {
			isa = PBXGroup;
			children = (
				AEDFC1B128E078F2008EA5E8 /* HomePage.swift */,
				AEDFC1B228E078F2008EA5E8 /* DetailPage.swift */,
				AEDFC1B328E078F2008EA5E8 /* EventPage.swift */,
			);
			path = View;
			sourceTree = "<group>";
		};
		AEDFC1B528E078F2008EA5E8 /* Service */ = {
			isa = PBXGroup;
			children = (
				AEDFC1B628E078F2008EA5E8 /* HomePageService.swift */,
				AEDFC1B728E078F2008EA5E8 /* StubServer.swift */,
			);
			path = Service;
			sourceTree = "<group>";
		};
		AEF3C9E328DB23B900506492 /* SwiftUIViewComponents */ = {
			isa = PBXGroup;
			children = (
				AEF3CA0028DB23DC00506492 /* View+NavigationTitle.swift */,
				AEF3C9E528DB23B900506492 /* SwiftUIViewComponents.docc */,
				AEF3CA0B28DB650F00506492 /* ListRowView.swift */,
				AEF3CA0F28DB937200506492 /* Padding.swift */,
				AEF3CA4928DEEE1400506492 /* CapsuleButton.swift */,
				AEF3CA4B28DEF33900506492 /* BackgroundModifierView.swift */,
				AEF3CAA628DF25FB00506492 /* Color+App.swift */,
				AEF3CAA828DF27DE00506492 /* TagsView.swift */,
				AE3E47D628DF89D0005C355C /* TitleDescriptionView.swift */,
				AE3E47DA28DF9668005C355C /* IconLabelView.swift */,
				AE3E47DC28DF9765005C355C /* LabelProperties.swift */,
				AEDFC1C528E07FDC008EA5E8 /* SFSymbols.swift */,
			);
			path = SwiftUIViewComponents;
			sourceTree = "<group>";
		};
		AEF3C9F128DB23B900506492 /* SwiftUIViewComponentsTests */ = {
			isa = PBXGroup;
			children = (
				AEF3C9F228DB23B900506492 /* SwiftUIViewComponentsTests.swift */,
			);
			path = SwiftUIViewComponentsTests;
			sourceTree = "<group>";
		};
		AEF3CA2328DCFA0500506492 /* Container */ = {
			isa = PBXGroup;
			children = (
				AEF3CA1B28DCF91100506492 /* NetworkConfig.swift */,
				AEF3CA1928DCEE0300506492 /* AppError.swift */,
				AEF3CA2528DCFA0500506492 /* Container.docc */,
				AEF3CA4128DCFAF800506492 /* Container.swift */,
			);
			path = Container;
			sourceTree = "<group>";
		};
		AEF3CA3128DCFA0600506492 /* ContainerTests */ = {
			isa = PBXGroup;
			children = (
				AEF3CA3228DCFA0600506492 /* ContainerTests.swift */,
			);
			path = ContainerTests;
			sourceTree = "<group>";
		};
/* End PBXGroup section */

/* Begin PBXHeadersBuildPhase section */
		AEF3C9DD28DB23B900506492 /* Headers */ = {
			isa = PBXHeadersBuildPhase;
			buildActionMask = 2147483647;
			files = (
			);
			runOnlyForDeploymentPostprocessing = 0;
		};
		AEF3CA1D28DCFA0500506492 /* Headers */ = {
			isa = PBXHeadersBuildPhase;
			buildActionMask = 2147483647;
			files = (
			);
			runOnlyForDeploymentPostprocessing = 0;
		};
/* End PBXHeadersBuildPhase section */

/* Begin PBXNativeTarget section */
		AE26175F28DAF8C2009EDE3F /* SwiftUIEngineer (iOS) */ = {
			isa = PBXNativeTarget;
			buildConfigurationList = AE26178928DAF8C2009EDE3F /* Build configuration list for PBXNativeTarget "SwiftUIEngineer (iOS)" */;
			buildPhases = (
				AE26175C28DAF8C2009EDE3F /* Sources */,
				AE26175D28DAF8C2009EDE3F /* Frameworks */,
				AE26175E28DAF8C2009EDE3F /* Resources */,
				AEF3C9FC28DB23B900506492 /* Embed Frameworks */,
			);
			buildRules = (
			);
			dependencies = (
				AEF3C9F628DB23B900506492 /* PBXTargetDependency */,
				AEF3CA3628DCFA0600506492 /* PBXTargetDependency */,
			);
			name = "SwiftUIEngineer (iOS)";
			productName = "SwiftUIEngineer (iOS)";
			productReference = AE26176028DAF8C2009EDE3F /* SwiftUIEngineer.app */;
			productType = "com.apple.product-type.application";
		};
		AE3E47E928E040F5005C355C /* SwiftUIEngineerTests */ = {
			isa = PBXNativeTarget;
			buildConfigurationList = AE3E47F028E040F5005C355C /* Build configuration list for PBXNativeTarget "SwiftUIEngineerTests" */;
			buildPhases = (
				AE3E47E628E040F5005C355C /* Sources */,
				AE3E47E728E040F5005C355C /* Frameworks */,
				AE3E47E828E040F5005C355C /* Resources */,
			);
			buildRules = (
			);
			dependencies = (
				AE3E47EF28E040F5005C355C /* PBXTargetDependency */,
			);
			name = SwiftUIEngineerTests;
			productName = SwiftUIEngineerTests;
			productReference = AE3E47EA28E040F5005C355C /* SwiftUIEngineerTests.xctest */;
			productType = "com.apple.product-type.bundle.unit-test";
		};
		AEF3C9E128DB23B900506492 /* SwiftUIViewComponents */ = {
			isa = PBXNativeTarget;
			buildConfigurationList = AEF3C9F928DB23B900506492 /* Build configuration list for PBXNativeTarget "SwiftUIViewComponents" */;
			buildPhases = (
				AEF3C9DD28DB23B900506492 /* Headers */,
				AEF3C9DE28DB23B900506492 /* Sources */,
				AEF3C9DF28DB23B900506492 /* Frameworks */,
				AEF3C9E028DB23B900506492 /* Resources */,
			);
			buildRules = (
			);
			dependencies = (
			);
			name = SwiftUIViewComponents;
			productName = SwiftUIViewComponents;
			productReference = AEF3C9E228DB23B900506492 /* SwiftUIViewComponents.framework */;
			productType = "com.apple.product-type.framework";
		};
		AEF3C9EA28DB23B900506492 /* SwiftUIViewComponentsTests */ = {
			isa = PBXNativeTarget;
			buildConfigurationList = AEF3C9FD28DB23B900506492 /* Build configuration list for PBXNativeTarget "SwiftUIViewComponentsTests" */;
			buildPhases = (
				AEF3C9E728DB23B900506492 /* Sources */,
				AEF3C9E828DB23B900506492 /* Frameworks */,
				AEF3C9E928DB23B900506492 /* Resources */,
			);
			buildRules = (
			);
			dependencies = (
				AEF3C9EE28DB23B900506492 /* PBXTargetDependency */,
				AEF3C9F028DB23B900506492 /* PBXTargetDependency */,
			);
			name = SwiftUIViewComponentsTests;
			productName = SwiftUIViewComponentsTests;
			productReference = AEF3C9EB28DB23B900506492 /* SwiftUIViewComponentsTests.xctest */;
			productType = "com.apple.product-type.bundle.unit-test";
		};
		AEF3CA2128DCFA0500506492 /* Container */ = {
			isa = PBXNativeTarget;
			buildConfigurationList = AEF3CA3928DCFA0600506492 /* Build configuration list for PBXNativeTarget "Container" */;
			buildPhases = (
				AEF3CA1D28DCFA0500506492 /* Headers */,
				AEF3CA1E28DCFA0500506492 /* Sources */,
				AEF3CA1F28DCFA0500506492 /* Frameworks */,
				AEF3CA2028DCFA0500506492 /* Resources */,
			);
			buildRules = (
			);
			dependencies = (
			);
			name = Container;
			productName = Container;
			productReference = AEF3CA2228DCFA0500506492 /* Container.framework */;
			productType = "com.apple.product-type.framework";
		};
		AEF3CA2A28DCFA0600506492 /* ContainerTests */ = {
			isa = PBXNativeTarget;
			buildConfigurationList = AEF3CA3C28DCFA0600506492 /* Build configuration list for PBXNativeTarget "ContainerTests" */;
			buildPhases = (
				AEF3CA2728DCFA0600506492 /* Sources */,
				AEF3CA2828DCFA0600506492 /* Frameworks */,
				AEF3CA2928DCFA0600506492 /* Resources */,
			);
			buildRules = (
			);
			dependencies = (
				AEF3CA2E28DCFA0600506492 /* PBXTargetDependency */,
				AEF3CA3028DCFA0600506492 /* PBXTargetDependency */,
			);
			name = ContainerTests;
			productName = ContainerTests;
			productReference = AEF3CA2B28DCFA0600506492 /* ContainerTests.xctest */;
			productType = "com.apple.product-type.bundle.unit-test";
		};
/* End PBXNativeTarget section */

/* Begin PBXProject section */
		AE26175428DAF8C0009EDE3F /* Project object */ = {
			isa = PBXProject;
			attributes = {
				BuildIndependentTargetsInParallel = 1;
				LastSwiftUpdateCheck = 1340;
				LastUpgradeCheck = 1400;
				TargetAttributes = {
					AE26175F28DAF8C2009EDE3F = {
						CreatedOnToolsVersion = 13.4.1;
					};
					AE3E47E928E040F5005C355C = {
						CreatedOnToolsVersion = 13.4.1;
						TestTargetID = AE26175F28DAF8C2009EDE3F;
					};
					AEF3C9E128DB23B900506492 = {
						CreatedOnToolsVersion = 13.4.1;
					};
					AEF3C9EA28DB23B900506492 = {
						CreatedOnToolsVersion = 13.4.1;
						TestTargetID = AE26175F28DAF8C2009EDE3F;
					};
					AEF3CA2128DCFA0500506492 = {
						CreatedOnToolsVersion = 13.4.1;
					};
					AEF3CA2A28DCFA0600506492 = {
						CreatedOnToolsVersion = 13.4.1;
						TestTargetID = AE26175F28DAF8C2009EDE3F;
					};
				};
			};
			buildConfigurationList = AE26175728DAF8C0009EDE3F /* Build configuration list for PBXProject "SwiftUIEngineer" */;
			compatibilityVersion = "Xcode 13.0";
			developmentRegion = en;
			hasScannedForEncodings = 0;
			knownRegions = (
				en,
				Base,
			);
			mainGroup = AE26175328DAF8C0009EDE3F;
			productRefGroup = AE26176128DAF8C2009EDE3F /* Products */;
			projectDirPath = "";
			projectRoot = "";
			targets = (
				AE26175F28DAF8C2009EDE3F /* SwiftUIEngineer (iOS) */,
				AEF3C9E128DB23B900506492 /* SwiftUIViewComponents */,
				AEF3C9EA28DB23B900506492 /* SwiftUIViewComponentsTests */,
				AEF3CA2128DCFA0500506492 /* Container */,
				AEF3CA2A28DCFA0600506492 /* ContainerTests */,
				AE3E47E928E040F5005C355C /* SwiftUIEngineerTests */,
			);
		};
/* End PBXProject section */

/* Begin PBXResourcesBuildPhase section */
		AE26175E28DAF8C2009EDE3F /* Resources */ = {
			isa = PBXResourcesBuildPhase;
			buildActionMask = 2147483647;
			files = (
				AEDFC1C228E078F2008EA5E8 /* apistub.json in Resources */,
				AEDFC1BC28E078F2008EA5E8 /* Assets.xcassets in Resources */,
			);
			runOnlyForDeploymentPostprocessing = 0;
		};
		AE3E47E828E040F5005C355C /* Resources */ = {
			isa = PBXResourcesBuildPhase;
			buildActionMask = 2147483647;
			files = (
			);
			runOnlyForDeploymentPostprocessing = 0;
		};
		AEF3C9E028DB23B900506492 /* Resources */ = {
			isa = PBXResourcesBuildPhase;
			buildActionMask = 2147483647;
			files = (
			);
			runOnlyForDeploymentPostprocessing = 0;
		};
		AEF3C9E928DB23B900506492 /* Resources */ = {
			isa = PBXResourcesBuildPhase;
			buildActionMask = 2147483647;
			files = (
			);
			runOnlyForDeploymentPostprocessing = 0;
		};
		AEF3CA2028DCFA0500506492 /* Resources */ = {
			isa = PBXResourcesBuildPhase;
			buildActionMask = 2147483647;
			files = (
			);
			runOnlyForDeploymentPostprocessing = 0;
		};
		AEF3CA2928DCFA0600506492 /* Resources */ = {
			isa = PBXResourcesBuildPhase;
			buildActionMask = 2147483647;
			files = (
			);
			runOnlyForDeploymentPostprocessing = 0;
		};
/* End PBXResourcesBuildPhase section */

/* Begin PBXSourcesBuildPhase section */
		AE26175C28DAF8C2009EDE3F /* Sources */ = {
			isa = PBXSourcesBuildPhase;
			buildActionMask = 2147483647;
			files = (
				AEDFC1B928E078F2008EA5E8 /* HomePageViewModel.swift in Sources */,
				AEDFC1C328E078F2008EA5E8 /* HomePageService.swift in Sources */,
				AEDFC1C128E078F2008EA5E8 /* EventPage.swift in Sources */,
				AEDFC1BD28E078F2008EA5E8 /* SwiftUIEngineerApp.swift in Sources */,
				AEDFC1C428E078F2008EA5E8 /* StubServer.swift in Sources */,
				AEDFC1BA28E078F2008EA5E8 /* ListRowViewModel.swift in Sources */,
				AEDFC1C028E078F2008EA5E8 /* DetailPage.swift in Sources */,
				AEDFC1BB28E078F2008EA5E8 /* EventPageViewModel.swift in Sources */,
				AEDFC1B828E078F2008EA5E8 /* DetailPageViewModel.swift in Sources */,
				AEDFC1BF28E078F2008EA5E8 /* HomePage.swift in Sources */,
				AEDFC1BE28E078F2008EA5E8 /* HomePageData.swift in Sources */,
			);
			runOnlyForDeploymentPostprocessing = 0;
		};
		AE3E47E628E040F5005C355C /* Sources */ = {
			isa = PBXSourcesBuildPhase;
			buildActionMask = 2147483647;
			files = (
				AE3E47FC28E05307005C355C /* EventPageViewModelTests.swift in Sources */,
				AE3E47FA28E05077005C355C /* DetailPageViewModelTests.swift in Sources */,
				AE3E47F728E04188005C355C /* HomePageViewModelTests.swift in Sources */,
				AEDFC1C828E098EC008EA5E8 /* HomePageServiceTests.swift in Sources */,
				AE3E47F828E04188005C355C /* ListRowViewModelTests.swift in Sources */,
				AE3E47ED28E040F5005C355C /* SwiftUIEngineerTests.swift in Sources */,
			);
			runOnlyForDeploymentPostprocessing = 0;
		};
		AEF3C9DE28DB23B900506492 /* Sources */ = {
			isa = PBXSourcesBuildPhase;
			buildActionMask = 2147483647;
			files = (
				AEF3C9E628DB23B900506492 /* SwiftUIViewComponents.docc in Sources */,
				AE3E47DD28DF9765005C355C /* LabelProperties.swift in Sources */,
				AEF3CAA728DF25FB00506492 /* Color+App.swift in Sources */,
				AE3E47DB28DF9668005C355C /* IconLabelView.swift in Sources */,
				AE3E47D728DF89D0005C355C /* TitleDescriptionView.swift in Sources */,
				AEF3CA4C28DEF33900506492 /* BackgroundModifierView.swift in Sources */,
				AEF3CAA928DF27DE00506492 /* TagsView.swift in Sources */,
				AEF3CA0128DB23DC00506492 /* View+NavigationTitle.swift in Sources */,
				AEDFC1C628E07FDC008EA5E8 /* SFSymbols.swift in Sources */,
				AEF3CA0C28DB651000506492 /* ListRowView.swift in Sources */,
				AEF3CA4A28DEEE1400506492 /* CapsuleButton.swift in Sources */,
				AEF3CA1028DB937200506492 /* Padding.swift in Sources */,
			);
			runOnlyForDeploymentPostprocessing = 0;
		};
		AEF3C9E728DB23B900506492 /* Sources */ = {
			isa = PBXSourcesBuildPhase;
			buildActionMask = 2147483647;
			files = (
				AEF3C9F328DB23B900506492 /* SwiftUIViewComponentsTests.swift in Sources */,
			);
			runOnlyForDeploymentPostprocessing = 0;
		};
		AEF3CA1E28DCFA0500506492 /* Sources */ = {
			isa = PBXSourcesBuildPhase;
			buildActionMask = 2147483647;
			files = (
				AEF3CA3F28DCFA3B00506492 /* AppError.swift in Sources */,
				AEF3CA4228DCFAF800506492 /* Container.swift in Sources */,
				AEF3CA2628DCFA0500506492 /* Container.docc in Sources */,
				AEF3CA4028DCFA5D00506492 /* NetworkConfig.swift in Sources */,
			);
			runOnlyForDeploymentPostprocessing = 0;
		};
		AEF3CA2728DCFA0600506492 /* Sources */ = {
			isa = PBXSourcesBuildPhase;
			buildActionMask = 2147483647;
			files = (
				AEF3CA3328DCFA0600506492 /* ContainerTests.swift in Sources */,
			);
			runOnlyForDeploymentPostprocessing = 0;
		};
/* End PBXSourcesBuildPhase section */

/* Begin PBXTargetDependency section */
		AE3E47EF28E040F5005C355C /* PBXTargetDependency */ = {
			isa = PBXTargetDependency;
			target = AE26175F28DAF8C2009EDE3F /* SwiftUIEngineer (iOS) */;
			targetProxy = AE3E47EE28E040F5005C355C /* PBXContainerItemProxy */;
		};
		AEF3C9EE28DB23B900506492 /* PBXTargetDependency */ = {
			isa = PBXTargetDependency;
			target = AEF3C9E128DB23B900506492 /* SwiftUIViewComponents */;
			targetProxy = AEF3C9ED28DB23B900506492 /* PBXContainerItemProxy */;
		};
		AEF3C9F028DB23B900506492 /* PBXTargetDependency */ = {
			isa = PBXTargetDependency;
			target = AE26175F28DAF8C2009EDE3F /* SwiftUIEngineer (iOS) */;
			targetProxy = AEF3C9EF28DB23B900506492 /* PBXContainerItemProxy */;
		};
		AEF3C9F628DB23B900506492 /* PBXTargetDependency */ = {
			isa = PBXTargetDependency;
			target = AEF3C9E128DB23B900506492 /* SwiftUIViewComponents */;
			targetProxy = AEF3C9F528DB23B900506492 /* PBXContainerItemProxy */;
		};
		AEF3CA2E28DCFA0600506492 /* PBXTargetDependency */ = {
			isa = PBXTargetDependency;
			target = AEF3CA2128DCFA0500506492 /* Container */;
			targetProxy = AEF3CA2D28DCFA0600506492 /* PBXContainerItemProxy */;
		};
		AEF3CA3028DCFA0600506492 /* PBXTargetDependency */ = {
			isa = PBXTargetDependency;
			target = AE26175F28DAF8C2009EDE3F /* SwiftUIEngineer (iOS) */;
			targetProxy = AEF3CA2F28DCFA0600506492 /* PBXContainerItemProxy */;
		};
		AEF3CA3628DCFA0600506492 /* PBXTargetDependency */ = {
			isa = PBXTargetDependency;
			target = AEF3CA2128DCFA0500506492 /* Container */;
			targetProxy = AEF3CA3528DCFA0600506492 /* PBXContainerItemProxy */;
		};
/* End PBXTargetDependency section */

/* Begin XCBuildConfiguration section */
		AE26178728DAF8C2009EDE3F /* Debug */ = {
			isa = XCBuildConfiguration;
			buildSettings = {
				ALWAYS_SEARCH_USER_PATHS = NO;
				CLANG_ANALYZER_NONNULL = YES;
				CLANG_ANALYZER_NUMBER_OBJECT_CONVERSION = YES_AGGRESSIVE;
				CLANG_CXX_LANGUAGE_STANDARD = "gnu++17";
				CLANG_ENABLE_MODULES = YES;
				CLANG_ENABLE_OBJC_ARC = YES;
				CLANG_ENABLE_OBJC_WEAK = YES;
				CLANG_WARN_BLOCK_CAPTURE_AUTORELEASING = YES;
				CLANG_WARN_BOOL_CONVERSION = YES;
				CLANG_WARN_COMMA = YES;
				CLANG_WARN_CONSTANT_CONVERSION = YES;
				CLANG_WARN_DEPRECATED_OBJC_IMPLEMENTATIONS = YES;
				CLANG_WARN_DIRECT_OBJC_ISA_USAGE = YES_ERROR;
				CLANG_WARN_DOCUMENTATION_COMMENTS = YES;
				CLANG_WARN_EMPTY_BODY = YES;
				CLANG_WARN_ENUM_CONVERSION = YES;
				CLANG_WARN_INFINITE_RECURSION = YES;
				CLANG_WARN_INT_CONVERSION = YES;
				CLANG_WARN_NON_LITERAL_NULL_CONVERSION = YES;
				CLANG_WARN_OBJC_IMPLICIT_RETAIN_SELF = YES;
				CLANG_WARN_OBJC_LITERAL_CONVERSION = YES;
				CLANG_WARN_OBJC_ROOT_CLASS = YES_ERROR;
				CLANG_WARN_QUOTED_INCLUDE_IN_FRAMEWORK_HEADER = YES;
				CLANG_WARN_RANGE_LOOP_ANALYSIS = YES;
				CLANG_WARN_STRICT_PROTOTYPES = YES;
				CLANG_WARN_SUSPICIOUS_MOVE = YES;
				CLANG_WARN_UNGUARDED_AVAILABILITY = YES_AGGRESSIVE;
				CLANG_WARN_UNREACHABLE_CODE = YES;
				CLANG_WARN__DUPLICATE_METHOD_MATCH = YES;
				COPY_PHASE_STRIP = NO;
				DEAD_CODE_STRIPPING = YES;
				DEBUG_INFORMATION_FORMAT = dwarf;
				ENABLE_STRICT_OBJC_MSGSEND = YES;
				ENABLE_TESTABILITY = YES;
				GCC_C_LANGUAGE_STANDARD = gnu11;
				GCC_DYNAMIC_NO_PIC = NO;
				GCC_NO_COMMON_BLOCKS = YES;
				GCC_OPTIMIZATION_LEVEL = 0;
				GCC_PREPROCESSOR_DEFINITIONS = (
					"DEBUG=1",
					"$(inherited)",
				);
				GCC_WARN_64_TO_32_BIT_CONVERSION = YES;
				GCC_WARN_ABOUT_RETURN_TYPE = YES_ERROR;
				GCC_WARN_UNDECLARED_SELECTOR = YES;
				GCC_WARN_UNINITIALIZED_AUTOS = YES_AGGRESSIVE;
				GCC_WARN_UNUSED_FUNCTION = YES;
				GCC_WARN_UNUSED_VARIABLE = YES;
				MTL_ENABLE_DEBUG_INFO = INCLUDE_SOURCE;
				MTL_FAST_MATH = YES;
				ONLY_ACTIVE_ARCH = YES;
				SWIFT_ACTIVE_COMPILATION_CONDITIONS = DEBUG;
				SWIFT_OPTIMIZATION_LEVEL = "-Onone";
			};
			name = Debug;
		};
		AE26178828DAF8C2009EDE3F /* Release */ = {
			isa = XCBuildConfiguration;
			buildSettings = {
				ALWAYS_SEARCH_USER_PATHS = NO;
				CLANG_ANALYZER_NONNULL = YES;
				CLANG_ANALYZER_NUMBER_OBJECT_CONVERSION = YES_AGGRESSIVE;
				CLANG_CXX_LANGUAGE_STANDARD = "gnu++17";
				CLANG_ENABLE_MODULES = YES;
				CLANG_ENABLE_OBJC_ARC = YES;
				CLANG_ENABLE_OBJC_WEAK = YES;
				CLANG_WARN_BLOCK_CAPTURE_AUTORELEASING = YES;
				CLANG_WARN_BOOL_CONVERSION = YES;
				CLANG_WARN_COMMA = YES;
				CLANG_WARN_CONSTANT_CONVERSION = YES;
				CLANG_WARN_DEPRECATED_OBJC_IMPLEMENTATIONS = YES;
				CLANG_WARN_DIRECT_OBJC_ISA_USAGE = YES_ERROR;
				CLANG_WARN_DOCUMENTATION_COMMENTS = YES;
				CLANG_WARN_EMPTY_BODY = YES;
				CLANG_WARN_ENUM_CONVERSION = YES;
				CLANG_WARN_INFINITE_RECURSION = YES;
				CLANG_WARN_INT_CONVERSION = YES;
				CLANG_WARN_NON_LITERAL_NULL_CONVERSION = YES;
				CLANG_WARN_OBJC_IMPLICIT_RETAIN_SELF = YES;
				CLANG_WARN_OBJC_LITERAL_CONVERSION = YES;
				CLANG_WARN_OBJC_ROOT_CLASS = YES_ERROR;
				CLANG_WARN_QUOTED_INCLUDE_IN_FRAMEWORK_HEADER = YES;
				CLANG_WARN_RANGE_LOOP_ANALYSIS = YES;
				CLANG_WARN_STRICT_PROTOTYPES = YES;
				CLANG_WARN_SUSPICIOUS_MOVE = YES;
				CLANG_WARN_UNGUARDED_AVAILABILITY = YES_AGGRESSIVE;
				CLANG_WARN_UNREACHABLE_CODE = YES;
				CLANG_WARN__DUPLICATE_METHOD_MATCH = YES;
				COPY_PHASE_STRIP = NO;
				DEAD_CODE_STRIPPING = YES;
				DEBUG_INFORMATION_FORMAT = "dwarf-with-dsym";
				ENABLE_NS_ASSERTIONS = NO;
				ENABLE_STRICT_OBJC_MSGSEND = YES;
				GCC_C_LANGUAGE_STANDARD = gnu11;
				GCC_NO_COMMON_BLOCKS = YES;
				GCC_WARN_64_TO_32_BIT_CONVERSION = YES;
				GCC_WARN_ABOUT_RETURN_TYPE = YES_ERROR;
				GCC_WARN_UNDECLARED_SELECTOR = YES;
				GCC_WARN_UNINITIALIZED_AUTOS = YES_AGGRESSIVE;
				GCC_WARN_UNUSED_FUNCTION = YES;
				GCC_WARN_UNUSED_VARIABLE = YES;
				MTL_ENABLE_DEBUG_INFO = NO;
				MTL_FAST_MATH = YES;
				ONLY_ACTIVE_ARCH = NO;
				SWIFT_COMPILATION_MODE = wholemodule;
				SWIFT_OPTIMIZATION_LEVEL = "-O";
			};
			name = Release;
		};
		AE26178A28DAF8C2009EDE3F /* Debug */ = {
			isa = XCBuildConfiguration;
			buildSettings = {
				ALWAYS_EMBED_SWIFT_STANDARD_LIBRARIES = YES;
				ASSETCATALOG_COMPILER_APPICON_NAME = AppIcon;
				ASSETCATALOG_COMPILER_GLOBAL_ACCENT_COLOR_NAME = AccentColor;
				CODE_SIGN_STYLE = Automatic;
				CURRENT_PROJECT_VERSION = 1;
				ENABLE_PREVIEWS = YES;
				GENERATE_INFOPLIST_FILE = YES;
				INFOPLIST_KEY_UIApplicationSceneManifest_Generation = YES;
				INFOPLIST_KEY_UIApplicationSupportsIndirectInputEvents = YES;
				INFOPLIST_KEY_UILaunchScreen_Generation = YES;
				INFOPLIST_KEY_UISupportedInterfaceOrientations_iPad = "UIInterfaceOrientationPortrait UIInterfaceOrientationPortraitUpsideDown UIInterfaceOrientationLandscapeLeft UIInterfaceOrientationLandscapeRight";
				INFOPLIST_KEY_UISupportedInterfaceOrientations_iPhone = "UIInterfaceOrientationPortrait UIInterfaceOrientationLandscapeLeft UIInterfaceOrientationLandscapeRight";
				IPHONEOS_DEPLOYMENT_TARGET = 15.0;
				LD_RUNPATH_SEARCH_PATHS = (
					"$(inherited)",
					"@executable_path/Frameworks",
				);
				MARKETING_VERSION = 1.0;
				PRODUCT_BUNDLE_IDENTIFIER = com.jageloo.SwiftUIEngineer;
				PRODUCT_NAME = SwiftUIEngineer;
				SDKROOT = iphoneos;
				SWIFT_EMIT_LOC_STRINGS = YES;
				SWIFT_VERSION = 5.0;
				TARGETED_DEVICE_FAMILY = "1,2";
			};
			name = Debug;
		};
		AE26178B28DAF8C2009EDE3F /* Release */ = {
			isa = XCBuildConfiguration;
			buildSettings = {
				ALWAYS_EMBED_SWIFT_STANDARD_LIBRARIES = YES;
				ASSETCATALOG_COMPILER_APPICON_NAME = AppIcon;
				ASSETCATALOG_COMPILER_GLOBAL_ACCENT_COLOR_NAME = AccentColor;
				CODE_SIGN_STYLE = Automatic;
				CURRENT_PROJECT_VERSION = 1;
				ENABLE_PREVIEWS = YES;
				GENERATE_INFOPLIST_FILE = YES;
				INFOPLIST_KEY_UIApplicationSceneManifest_Generation = YES;
				INFOPLIST_KEY_UIApplicationSupportsIndirectInputEvents = YES;
				INFOPLIST_KEY_UILaunchScreen_Generation = YES;
				INFOPLIST_KEY_UISupportedInterfaceOrientations_iPad = "UIInterfaceOrientationPortrait UIInterfaceOrientationPortraitUpsideDown UIInterfaceOrientationLandscapeLeft UIInterfaceOrientationLandscapeRight";
				INFOPLIST_KEY_UISupportedInterfaceOrientations_iPhone = "UIInterfaceOrientationPortrait UIInterfaceOrientationLandscapeLeft UIInterfaceOrientationLandscapeRight";
				IPHONEOS_DEPLOYMENT_TARGET = 15.0;
				LD_RUNPATH_SEARCH_PATHS = (
					"$(inherited)",
					"@executable_path/Frameworks",
				);
				MARKETING_VERSION = 1.0;
				PRODUCT_BUNDLE_IDENTIFIER = com.jageloo.SwiftUIEngineer;
				PRODUCT_NAME = SwiftUIEngineer;
				SDKROOT = iphoneos;
				SWIFT_EMIT_LOC_STRINGS = YES;
				SWIFT_VERSION = 5.0;
				TARGETED_DEVICE_FAMILY = "1,2";
				VALIDATE_PRODUCT = YES;
			};
			name = Release;
		};
		AE3E47F128E040F5005C355C /* Debug */ = {
			isa = XCBuildConfiguration;
			buildSettings = {
				ALWAYS_EMBED_SWIFT_STANDARD_LIBRARIES = YES;
				BUNDLE_LOADER = "$(TEST_HOST)";
				CODE_SIGN_STYLE = Automatic;
				CURRENT_PROJECT_VERSION = 1;
				GENERATE_INFOPLIST_FILE = YES;
				IPHONEOS_DEPLOYMENT_TARGET = 15.0;
				MARKETING_VERSION = 1.0;
				ONLY_ACTIVE_ARCH = YES;
				PRODUCT_BUNDLE_IDENTIFIER = com.jageloo.SwiftUIEngineerTests;
				PRODUCT_NAME = "$(TARGET_NAME)";
				SDKROOT = iphoneos;
				SWIFT_EMIT_LOC_STRINGS = NO;
				SWIFT_VERSION = 5.0;
				TARGETED_DEVICE_FAMILY = "1,2";
				TEST_HOST = "$(BUILT_PRODUCTS_DIR)/SwiftUIEngineer.app/SwiftUIEngineer";
			};
			name = Debug;
		};
		AE3E47F228E040F5005C355C /* Release */ = {
			isa = XCBuildConfiguration;
			buildSettings = {
				ALWAYS_EMBED_SWIFT_STANDARD_LIBRARIES = YES;
				BUNDLE_LOADER = "$(TEST_HOST)";
				CODE_SIGN_STYLE = Automatic;
				CURRENT_PROJECT_VERSION = 1;
				GENERATE_INFOPLIST_FILE = YES;
				IPHONEOS_DEPLOYMENT_TARGET = 15.0;
				MARKETING_VERSION = 1.0;
				PRODUCT_BUNDLE_IDENTIFIER = com.jageloo.SwiftUIEngineerTests;
				PRODUCT_NAME = "$(TARGET_NAME)";
				SDKROOT = iphoneos;
				SWIFT_EMIT_LOC_STRINGS = NO;
				SWIFT_VERSION = 5.0;
				TARGETED_DEVICE_FAMILY = "1,2";
				TEST_HOST = "$(BUILT_PRODUCTS_DIR)/SwiftUIEngineer.app/SwiftUIEngineer";
				VALIDATE_PRODUCT = YES;
			};
			name = Release;
		};
		AEF3C9FA28DB23B900506492 /* Debug */ = {
			isa = XCBuildConfiguration;
			buildSettings = {
				CODE_SIGN_STYLE = Automatic;
				CURRENT_PROJECT_VERSION = 1;
				DEFINES_MODULE = YES;
				DYLIB_COMPATIBILITY_VERSION = 1;
				DYLIB_CURRENT_VERSION = 1;
				DYLIB_INSTALL_NAME_BASE = "@rpath";
				GENERATE_INFOPLIST_FILE = YES;
				INFOPLIST_KEY_NSHumanReadableCopyright = "";
				INSTALL_PATH = "$(LOCAL_LIBRARY_DIR)/Frameworks";
				IPHONEOS_DEPLOYMENT_TARGET = 15.0;
				LD_RUNPATH_SEARCH_PATHS = (
					"$(inherited)",
					"@executable_path/Frameworks",
					"@loader_path/Frameworks",
				);
				MARKETING_VERSION = 1.0;
				PRODUCT_BUNDLE_IDENTIFIER = com.jageloo.SwiftUIViewComponents;
				PRODUCT_NAME = "$(TARGET_NAME:c99extidentifier)";
				SDKROOT = iphoneos;
				SKIP_INSTALL = YES;
				SWIFT_EMIT_LOC_STRINGS = YES;
				SWIFT_VERSION = 5.0;
				TARGETED_DEVICE_FAMILY = "1,2";
				VERSIONING_SYSTEM = "apple-generic";
				VERSION_INFO_PREFIX = "";
			};
			name = Debug;
		};
		AEF3C9FB28DB23B900506492 /* Release */ = {
			isa = XCBuildConfiguration;
			buildSettings = {
				CODE_SIGN_STYLE = Automatic;
				CURRENT_PROJECT_VERSION = 1;
				DEFINES_MODULE = YES;
				DYLIB_COMPATIBILITY_VERSION = 1;
				DYLIB_CURRENT_VERSION = 1;
				DYLIB_INSTALL_NAME_BASE = "@rpath";
				GENERATE_INFOPLIST_FILE = YES;
				INFOPLIST_KEY_NSHumanReadableCopyright = "";
				INSTALL_PATH = "$(LOCAL_LIBRARY_DIR)/Frameworks";
				IPHONEOS_DEPLOYMENT_TARGET = 15.0;
				LD_RUNPATH_SEARCH_PATHS = (
					"$(inherited)",
					"@executable_path/Frameworks",
					"@loader_path/Frameworks",
				);
				MARKETING_VERSION = 1.0;
				PRODUCT_BUNDLE_IDENTIFIER = com.jageloo.SwiftUIViewComponents;
				PRODUCT_NAME = "$(TARGET_NAME:c99extidentifier)";
				SDKROOT = iphoneos;
				SKIP_INSTALL = YES;
				SWIFT_EMIT_LOC_STRINGS = YES;
				SWIFT_VERSION = 5.0;
				TARGETED_DEVICE_FAMILY = "1,2";
				VALIDATE_PRODUCT = YES;
				VERSIONING_SYSTEM = "apple-generic";
				VERSION_INFO_PREFIX = "";
			};
			name = Release;
		};
		AEF3C9FE28DB23B900506492 /* Debug */ = {
			isa = XCBuildConfiguration;
			buildSettings = {
				ALWAYS_EMBED_SWIFT_STANDARD_LIBRARIES = YES;
				CODE_SIGN_STYLE = Automatic;
				CURRENT_PROJECT_VERSION = 1;
				GENERATE_INFOPLIST_FILE = YES;
				IPHONEOS_DEPLOYMENT_TARGET = 15.0;
				MARKETING_VERSION = 1.0;
				PRODUCT_BUNDLE_IDENTIFIER = com.jageloo.SwiftUIViewComponentsTests;
				PRODUCT_NAME = "$(TARGET_NAME)";
				SDKROOT = iphoneos;
				SWIFT_EMIT_LOC_STRINGS = NO;
				SWIFT_VERSION = 5.0;
				TARGETED_DEVICE_FAMILY = "1,2";
				TEST_HOST = "$(BUILT_PRODUCTS_DIR)/SwiftUIEngineer.app/SwiftUIEngineer";
			};
			name = Debug;
		};
		AEF3C9FF28DB23B900506492 /* Release */ = {
			isa = XCBuildConfiguration;
			buildSettings = {
				ALWAYS_EMBED_SWIFT_STANDARD_LIBRARIES = YES;
				CODE_SIGN_STYLE = Automatic;
				CURRENT_PROJECT_VERSION = 1;
				GENERATE_INFOPLIST_FILE = YES;
				IPHONEOS_DEPLOYMENT_TARGET = 15.0;
				MARKETING_VERSION = 1.0;
				PRODUCT_BUNDLE_IDENTIFIER = com.jageloo.SwiftUIViewComponentsTests;
				PRODUCT_NAME = "$(TARGET_NAME)";
				SDKROOT = iphoneos;
				SWIFT_EMIT_LOC_STRINGS = NO;
				SWIFT_VERSION = 5.0;
				TARGETED_DEVICE_FAMILY = "1,2";
				TEST_HOST = "$(BUILT_PRODUCTS_DIR)/SwiftUIEngineer.app/SwiftUIEngineer";
				VALIDATE_PRODUCT = YES;
			};
			name = Release;
		};
		AEF3CA3A28DCFA0600506492 /* Debug */ = {
			isa = XCBuildConfiguration;
			buildSettings = {
				CODE_SIGN_STYLE = Automatic;
				CURRENT_PROJECT_VERSION = 1;
				DEFINES_MODULE = YES;
				DYLIB_COMPATIBILITY_VERSION = 1;
				DYLIB_CURRENT_VERSION = 1;
				DYLIB_INSTALL_NAME_BASE = "@rpath";
				GENERATE_INFOPLIST_FILE = YES;
				INFOPLIST_KEY_NSHumanReadableCopyright = "";
				INSTALL_PATH = "$(LOCAL_LIBRARY_DIR)/Frameworks";
				IPHONEOS_DEPLOYMENT_TARGET = 15.0;
				LD_RUNPATH_SEARCH_PATHS = (
					"$(inherited)",
					"@executable_path/Frameworks",
					"@loader_path/Frameworks",
				);
				MARKETING_VERSION = 1.0;
				PRODUCT_BUNDLE_IDENTIFIER = com.jageloo.Container;
				PRODUCT_NAME = "$(TARGET_NAME:c99extidentifier)";
				SDKROOT = iphoneos;
				SKIP_INSTALL = YES;
				SWIFT_EMIT_LOC_STRINGS = YES;
				SWIFT_VERSION = 5.0;
				TARGETED_DEVICE_FAMILY = "1,2";
				VERSIONING_SYSTEM = "apple-generic";
				VERSION_INFO_PREFIX = "";
			};
			name = Debug;
		};
		AEF3CA3B28DCFA0600506492 /* Release */ = {
			isa = XCBuildConfiguration;
			buildSettings = {
				CODE_SIGN_STYLE = Automatic;
				CURRENT_PROJECT_VERSION = 1;
				DEFINES_MODULE = YES;
				DYLIB_COMPATIBILITY_VERSION = 1;
				DYLIB_CURRENT_VERSION = 1;
				DYLIB_INSTALL_NAME_BASE = "@rpath";
				GENERATE_INFOPLIST_FILE = YES;
				INFOPLIST_KEY_NSHumanReadableCopyright = "";
				INSTALL_PATH = "$(LOCAL_LIBRARY_DIR)/Frameworks";
				IPHONEOS_DEPLOYMENT_TARGET = 15.0;
				LD_RUNPATH_SEARCH_PATHS = (
					"$(inherited)",
					"@executable_path/Frameworks",
					"@loader_path/Frameworks",
				);
				MARKETING_VERSION = 1.0;
				PRODUCT_BUNDLE_IDENTIFIER = com.jageloo.Container;
				PRODUCT_NAME = "$(TARGET_NAME:c99extidentifier)";
				SDKROOT = iphoneos;
				SKIP_INSTALL = YES;
				SWIFT_EMIT_LOC_STRINGS = YES;
				SWIFT_VERSION = 5.0;
				TARGETED_DEVICE_FAMILY = "1,2";
				VALIDATE_PRODUCT = YES;
				VERSIONING_SYSTEM = "apple-generic";
				VERSION_INFO_PREFIX = "";
			};
			name = Release;
		};
		AEF3CA3D28DCFA0600506492 /* Debug */ = {
			isa = XCBuildConfiguration;
			buildSettings = {
				ALWAYS_EMBED_SWIFT_STANDARD_LIBRARIES = YES;
				CODE_SIGN_STYLE = Automatic;
				CURRENT_PROJECT_VERSION = 1;
				GENERATE_INFOPLIST_FILE = YES;
				IPHONEOS_DEPLOYMENT_TARGET = 15.0;
				MARKETING_VERSION = 1.0;
				PRODUCT_BUNDLE_IDENTIFIER = com.jageloo.ContainerTests;
				PRODUCT_NAME = "$(TARGET_NAME)";
				SDKROOT = iphoneos;
				SWIFT_EMIT_LOC_STRINGS = NO;
				SWIFT_VERSION = 5.0;
				TARGETED_DEVICE_FAMILY = "1,2";
				TEST_HOST = "$(BUILT_PRODUCTS_DIR)/SwiftUIEngineer.app/SwiftUIEngineer";
			};
			name = Debug;
		};
		AEF3CA3E28DCFA0600506492 /* Release */ = {
			isa = XCBuildConfiguration;
			buildSettings = {
				ALWAYS_EMBED_SWIFT_STANDARD_LIBRARIES = YES;
				CODE_SIGN_STYLE = Automatic;
				CURRENT_PROJECT_VERSION = 1;
				GENERATE_INFOPLIST_FILE = YES;
				IPHONEOS_DEPLOYMENT_TARGET = 15.0;
				MARKETING_VERSION = 1.0;
				PRODUCT_BUNDLE_IDENTIFIER = com.jageloo.ContainerTests;
				PRODUCT_NAME = "$(TARGET_NAME)";
				SDKROOT = iphoneos;
				SWIFT_EMIT_LOC_STRINGS = NO;
				SWIFT_VERSION = 5.0;
				TARGETED_DEVICE_FAMILY = "1,2";
				TEST_HOST = "$(BUILT_PRODUCTS_DIR)/SwiftUIEngineer.app/SwiftUIEngineer";
				VALIDATE_PRODUCT = YES;
			};
			name = Release;
		};
/* End XCBuildConfiguration section */

/* Begin XCConfigurationList section */
		AE26175728DAF8C0009EDE3F /* Build configuration list for PBXProject "SwiftUIEngineer" */ = {
			isa = XCConfigurationList;
			buildConfigurations = (
				AE26178728DAF8C2009EDE3F /* Debug */,
				AE26178828DAF8C2009EDE3F /* Release */,
			);
			defaultConfigurationIsVisible = 0;
			defaultConfigurationName = Release;
		};
		AE26178928DAF8C2009EDE3F /* Build configuration list for PBXNativeTarget "SwiftUIEngineer (iOS)" */ = {
			isa = XCConfigurationList;
			buildConfigurations = (
				AE26178A28DAF8C2009EDE3F /* Debug */,
				AE26178B28DAF8C2009EDE3F /* Release */,
			);
			defaultConfigurationIsVisible = 0;
			defaultConfigurationName = Release;
		};
		AE3E47F028E040F5005C355C /* Build configuration list for PBXNativeTarget "SwiftUIEngineerTests" */ = {
			isa = XCConfigurationList;
			buildConfigurations = (
				AE3E47F128E040F5005C355C /* Debug */,
				AE3E47F228E040F5005C355C /* Release */,
			);
			defaultConfigurationIsVisible = 0;
			defaultConfigurationName = Release;
		};
		AEF3C9F928DB23B900506492 /* Build configuration list for PBXNativeTarget "SwiftUIViewComponents" */ = {
			isa = XCConfigurationList;
			buildConfigurations = (
				AEF3C9FA28DB23B900506492 /* Debug */,
				AEF3C9FB28DB23B900506492 /* Release */,
			);
			defaultConfigurationIsVisible = 0;
			defaultConfigurationName = Release;
		};
		AEF3C9FD28DB23B900506492 /* Build configuration list for PBXNativeTarget "SwiftUIViewComponentsTests" */ = {
			isa = XCConfigurationList;
			buildConfigurations = (
				AEF3C9FE28DB23B900506492 /* Debug */,
				AEF3C9FF28DB23B900506492 /* Release */,
			);
			defaultConfigurationIsVisible = 0;
			defaultConfigurationName = Release;
		};
		AEF3CA3928DCFA0600506492 /* Build configuration list for PBXNativeTarget "Container" */ = {
			isa = XCConfigurationList;
			buildConfigurations = (
				AEF3CA3A28DCFA0600506492 /* Debug */,
				AEF3CA3B28DCFA0600506492 /* Release */,
			);
			defaultConfigurationIsVisible = 0;
			defaultConfigurationName = Release;
		};
		AEF3CA3C28DCFA0600506492 /* Build configuration list for PBXNativeTarget "ContainerTests" */ = {
			isa = XCConfigurationList;
			buildConfigurations = (
				AEF3CA3D28DCFA0600506492 /* Debug */,
				AEF3CA3E28DCFA0600506492 /* Release */,
			);
			defaultConfigurationIsVisible = 0;
			defaultConfigurationName = Release;
		};
/* End XCConfigurationList section */
	};
	rootObject = AE26175428DAF8C0009EDE3F /* Project object */;
}
