// !$*UTF8*$!
{
	archiveVersion = 1;
	classes = {
	};
	objectVersion = 55;
	objects = {

/* Begin PBXBuildFile section */
		AE26177228DAF8C2009EDE3F /* Tests_iOS.swift in Sources */ = {isa = PBXBuildFile; fileRef = AE26177128DAF8C2009EDE3F /* Tests_iOS.swift */; };
		AE26177428DAF8C2009EDE3F /* Tests_iOSLaunchTests.swift in Sources */ = {isa = PBXBuildFile; fileRef = AE26177328DAF8C2009EDE3F /* Tests_iOSLaunchTests.swift */; };
		AE26178128DAF8C2009EDE3F /* SwiftUIEngineerApp.swift in Sources */ = {isa = PBXBuildFile; fileRef = AE26175928DAF8C0009EDE3F /* SwiftUIEngineerApp.swift */; };
		AE26178328DAF8C2009EDE3F /* HomePageView.swift in Sources */ = {isa = PBXBuildFile; fileRef = AE26175A28DAF8C0009EDE3F /* HomePageView.swift */; };
		AE26178528DAF8C2009EDE3F /* Assets.xcassets in Resources */ = {isa = PBXBuildFile; fileRef = AE26175B28DAF8C2009EDE3F /* Assets.xcassets */; };
		AEF3C9E628DB23B900506492 /* SwiftUIViewComponents.docc in Sources */ = {isa = PBXBuildFile; fileRef = AEF3C9E528DB23B900506492 /* SwiftUIViewComponents.docc */; };
		AEF3C9EC28DB23B900506492 /* SwiftUIViewComponents.framework in Frameworks */ = {isa = PBXBuildFile; fileRef = AEF3C9E228DB23B900506492 /* SwiftUIViewComponents.framework */; };
		AEF3C9F328DB23B900506492 /* SwiftUIViewComponentsTests.swift in Sources */ = {isa = PBXBuildFile; fileRef = AEF3C9F228DB23B900506492 /* SwiftUIViewComponentsTests.swift */; };
		AEF3C9F728DB23B900506492 /* SwiftUIViewComponents.framework in Frameworks */ = {isa = PBXBuildFile; fileRef = AEF3C9E228DB23B900506492 /* SwiftUIViewComponents.framework */; };
		AEF3C9F828DB23B900506492 /* SwiftUIViewComponents.framework in Embed Frameworks */ = {isa = PBXBuildFile; fileRef = AEF3C9E228DB23B900506492 /* SwiftUIViewComponents.framework */; settings = {ATTRIBUTES = (CodeSignOnCopy, RemoveHeadersOnCopy, ); }; };
		AEF3CA0128DB23DC00506492 /* View+NavigationTitle.swift in Sources */ = {isa = PBXBuildFile; fileRef = AEF3CA0028DB23DC00506492 /* View+NavigationTitle.swift */; };
		AEF3CA0428DB52AD00506492 /* apistub.json in Resources */ = {isa = PBXBuildFile; fileRef = AEF3CA0228DB529C00506492 /* apistub.json */; };
		AEF3CA0C28DB651000506492 /* ListRowView.swift in Sources */ = {isa = PBXBuildFile; fileRef = AEF3CA0B28DB650F00506492 /* ListRowView.swift */; };
		AEF3CA0D28DB784F00506492 /* HomePageService.swift in Sources */ = {isa = PBXBuildFile; fileRef = AEF3CA0928DB5DBA00506492 /* HomePageService.swift */; };
		AEF3CA0E28DB787700506492 /* HomePageData.swift in Sources */ = {isa = PBXBuildFile; fileRef = AEF3CA0628DB5ADF00506492 /* HomePageData.swift */; };
		AEF3CA1028DB937200506492 /* Padding.swift in Sources */ = {isa = PBXBuildFile; fileRef = AEF3CA0F28DB937200506492 /* Padding.swift */; };
		AEF3CA1328DBA32E00506492 /* HomePageViewModel.swift in Sources */ = {isa = PBXBuildFile; fileRef = AEF3CA1228DBA32E00506492 /* HomePageViewModel.swift */; };
		AEF3CA1628DBC93300506492 /* DetailPage.swift in Sources */ = {isa = PBXBuildFile; fileRef = AEF3CA1528DBC93300506492 /* DetailPage.swift */; };
		AEF3CA1828DCED3600506492 /* StubServer.swift in Sources */ = {isa = PBXBuildFile; fileRef = AEF3CA1728DCED3600506492 /* StubServer.swift */; };
		AEF3CA2628DCFA0500506492 /* Container.docc in Sources */ = {isa = PBXBuildFile; fileRef = AEF3CA2528DCFA0500506492 /* Container.docc */; };
		AEF3CA2C28DCFA0600506492 /* Container.framework in Frameworks */ = {isa = PBXBuildFile; fileRef = AEF3CA2228DCFA0500506492 /* Container.framework */; };
		AEF3CA3328DCFA0600506492 /* ContainerTests.swift in Sources */ = {isa = PBXBuildFile; fileRef = AEF3CA3228DCFA0600506492 /* ContainerTests.swift */; };
		AEF3CA3728DCFA0600506492 /* Container.framework in Frameworks */ = {isa = PBXBuildFile; fileRef = AEF3CA2228DCFA0500506492 /* Container.framework */; };
		AEF3CA3828DCFA0600506492 /* Container.framework in Embed Frameworks */ = {isa = PBXBuildFile; fileRef = AEF3CA2228DCFA0500506492 /* Container.framework */; settings = {ATTRIBUTES = (CodeSignOnCopy, RemoveHeadersOnCopy, ); }; };
		AEF3CA3F28DCFA3B00506492 /* AppError.swift in Sources */ = {isa = PBXBuildFile; fileRef = AEF3CA1928DCEE0300506492 /* AppError.swift */; };
		AEF3CA4028DCFA5D00506492 /* NetworkConfig.swift in Sources */ = {isa = PBXBuildFile; fileRef = AEF3CA1B28DCF91100506492 /* NetworkConfig.swift */; };
		AEF3CA4228DCFAF800506492 /* Container.swift in Sources */ = {isa = PBXBuildFile; fileRef = AEF3CA4128DCFAF800506492 /* Container.swift */; };
		AEF3CA4428DEB15100506492 /* ListRowViewModel.swift in Sources */ = {isa = PBXBuildFile; fileRef = AEF3CA4328DEB15100506492 /* ListRowViewModel.swift */; };
		AEF3CA4728DEBB6800506492 /* DetailPageViewModel.swift in Sources */ = {isa = PBXBuildFile; fileRef = AEF3CA4628DEBB6800506492 /* DetailPageViewModel.swift */; };
		AEF3CA4A28DEEE1400506492 /* CapsuleButton.swift in Sources */ = {isa = PBXBuildFile; fileRef = AEF3CA4928DEEE1400506492 /* CapsuleButton.swift */; };
		AEF3CA4C28DEF33900506492 /* BackgroundModifierView.swift in Sources */ = {isa = PBXBuildFile; fileRef = AEF3CA4B28DEF33900506492 /* BackgroundModifierView.swift */; };
/* End PBXBuildFile section */

/* Begin PBXContainerItemProxy section */
		AE26176E28DAF8C2009EDE3F /* PBXContainerItemProxy */ = {
			isa = PBXContainerItemProxy;
			containerPortal = AE26175428DAF8C0009EDE3F /* Project object */;
			proxyType = 1;
			remoteGlobalIDString = AE26175F28DAF8C2009EDE3F;
			remoteInfo = "SwiftUIEngineer (iOS)";
		};
		AEF3C9ED28DB23B900506492 /* PBXContainerItemProxy */ = {
			isa = PBXContainerItemProxy;
			containerPortal = AE26175428DAF8C0009EDE3F /* Project object */;
			proxyType = 1;
			remoteGlobalIDString = AEF3C9E128DB23B900506492;
			remoteInfo = SwiftUIViewComponents;
		};
		AEF3C9EF28DB23B900506492 /* PBXContainerItemProxy */ = {
			isa = PBXContainerItemProxy;
			containerPortal = AE26175428DAF8C0009EDE3F /* Project object */;
			proxyType = 1;
			remoteGlobalIDString = AE26175F28DAF8C2009EDE3F;
			remoteInfo = "SwiftUIEngineer (iOS)";
		};
		AEF3C9F528DB23B900506492 /* PBXContainerItemProxy */ = {
			isa = PBXContainerItemProxy;
			containerPortal = AE26175428DAF8C0009EDE3F /* Project object */;
			proxyType = 1;
			remoteGlobalIDString = AEF3C9E128DB23B900506492;
			remoteInfo = SwiftUIViewComponents;
		};
		AEF3CA2D28DCFA0600506492 /* PBXContainerItemProxy */ = {
			isa = PBXContainerItemProxy;
			containerPortal = AE26175428DAF8C0009EDE3F /* Project object */;
			proxyType = 1;
			remoteGlobalIDString = AEF3CA2128DCFA0500506492;
			remoteInfo = Container;
		};
		AEF3CA2F28DCFA0600506492 /* PBXContainerItemProxy */ = {
			isa = PBXContainerItemProxy;
			containerPortal = AE26175428DAF8C0009EDE3F /* Project object */;
			proxyType = 1;
			remoteGlobalIDString = AE26175F28DAF8C2009EDE3F;
			remoteInfo = "SwiftUIEngineer (iOS)";
		};
		AEF3CA3528DCFA0600506492 /* PBXContainerItemProxy */ = {
			isa = PBXContainerItemProxy;
			containerPortal = AE26175428DAF8C0009EDE3F /* Project object */;
			proxyType = 1;
			remoteGlobalIDString = AEF3CA2128DCFA0500506492;
			remoteInfo = Container;
		};
/* End PBXContainerItemProxy section */

/* Begin PBXCopyFilesBuildPhase section */
		AEF3C9FC28DB23B900506492 /* Embed Frameworks */ = {
			isa = PBXCopyFilesBuildPhase;
			buildActionMask = 2147483647;
			dstPath = "";
			dstSubfolderSpec = 10;
			files = (
				AEF3CA3828DCFA0600506492 /* Container.framework in Embed Frameworks */,
				AEF3C9F828DB23B900506492 /* SwiftUIViewComponents.framework in Embed Frameworks */,
			);
			name = "Embed Frameworks";
			runOnlyForDeploymentPostprocessing = 0;
		};
/* End PBXCopyFilesBuildPhase section */

/* Begin PBXFileReference section */
		AE26175928DAF8C0009EDE3F /* SwiftUIEngineerApp.swift */ = {isa = PBXFileReference; lastKnownFileType = sourcecode.swift; path = SwiftUIEngineerApp.swift; sourceTree = "<group>"; };
		AE26175A28DAF8C0009EDE3F /* HomePageView.swift */ = {isa = PBXFileReference; lastKnownFileType = sourcecode.swift; path = HomePageView.swift; sourceTree = "<group>"; };
		AE26175B28DAF8C2009EDE3F /* Assets.xcassets */ = {isa = PBXFileReference; lastKnownFileType = folder.assetcatalog; path = Assets.xcassets; sourceTree = "<group>"; };
		AE26176028DAF8C2009EDE3F /* SwiftUIEngineer.app */ = {isa = PBXFileReference; explicitFileType = wrapper.application; includeInIndex = 0; path = SwiftUIEngineer.app; sourceTree = BUILT_PRODUCTS_DIR; };
		AE26176D28DAF8C2009EDE3F /* Tests iOS.xctest */ = {isa = PBXFileReference; explicitFileType = wrapper.cfbundle; includeInIndex = 0; path = "Tests iOS.xctest"; sourceTree = BUILT_PRODUCTS_DIR; };
		AE26177128DAF8C2009EDE3F /* Tests_iOS.swift */ = {isa = PBXFileReference; lastKnownFileType = sourcecode.swift; path = Tests_iOS.swift; sourceTree = "<group>"; };
		AE26177328DAF8C2009EDE3F /* Tests_iOSLaunchTests.swift */ = {isa = PBXFileReference; lastKnownFileType = sourcecode.swift; path = Tests_iOSLaunchTests.swift; sourceTree = "<group>"; };
		AEF3C9E228DB23B900506492 /* SwiftUIViewComponents.framework */ = {isa = PBXFileReference; explicitFileType = wrapper.framework; includeInIndex = 0; path = SwiftUIViewComponents.framework; sourceTree = BUILT_PRODUCTS_DIR; };
		AEF3C9E528DB23B900506492 /* SwiftUIViewComponents.docc */ = {isa = PBXFileReference; lastKnownFileType = folder.documentationcatalog; path = SwiftUIViewComponents.docc; sourceTree = "<group>"; };
		AEF3C9EB28DB23B900506492 /* SwiftUIViewComponentsTests.xctest */ = {isa = PBXFileReference; explicitFileType = wrapper.cfbundle; includeInIndex = 0; path = SwiftUIViewComponentsTests.xctest; sourceTree = BUILT_PRODUCTS_DIR; };
		AEF3C9F228DB23B900506492 /* SwiftUIViewComponentsTests.swift */ = {isa = PBXFileReference; lastKnownFileType = sourcecode.swift; path = SwiftUIViewComponentsTests.swift; sourceTree = "<group>"; };
		AEF3CA0028DB23DC00506492 /* View+NavigationTitle.swift */ = {isa = PBXFileReference; lastKnownFileType = sourcecode.swift; path = "View+NavigationTitle.swift"; sourceTree = "<group>"; };
		AEF3CA0228DB529C00506492 /* apistub.json */ = {isa = PBXFileReference; fileEncoding = 4; lastKnownFileType = text.json; path = apistub.json; sourceTree = "<group>"; };
		AEF3CA0628DB5ADF00506492 /* HomePageData.swift */ = {isa = PBXFileReference; lastKnownFileType = sourcecode.swift; path = HomePageData.swift; sourceTree = "<group>"; };
		AEF3CA0928DB5DBA00506492 /* HomePageService.swift */ = {isa = PBXFileReference; lastKnownFileType = sourcecode.swift; path = HomePageService.swift; sourceTree = "<group>"; };
		AEF3CA0B28DB650F00506492 /* ListRowView.swift */ = {isa = PBXFileReference; lastKnownFileType = sourcecode.swift; path = ListRowView.swift; sourceTree = "<group>"; };
		AEF3CA0F28DB937200506492 /* Padding.swift */ = {isa = PBXFileReference; lastKnownFileType = sourcecode.swift; path = Padding.swift; sourceTree = "<group>"; };
		AEF3CA1228DBA32E00506492 /* HomePageViewModel.swift */ = {isa = PBXFileReference; lastKnownFileType = sourcecode.swift; path = HomePageViewModel.swift; sourceTree = "<group>"; };
		AEF3CA1528DBC93300506492 /* DetailPage.swift */ = {isa = PBXFileReference; lastKnownFileType = sourcecode.swift; path = DetailPage.swift; sourceTree = "<group>"; };
		AEF3CA1728DCED3600506492 /* StubServer.swift */ = {isa = PBXFileReference; lastKnownFileType = sourcecode.swift; path = StubServer.swift; sourceTree = "<group>"; };
		AEF3CA1928DCEE0300506492 /* AppError.swift */ = {isa = PBXFileReference; lastKnownFileType = sourcecode.swift; path = AppError.swift; sourceTree = "<group>"; };
		AEF3CA1B28DCF91100506492 /* NetworkConfig.swift */ = {isa = PBXFileReference; lastKnownFileType = sourcecode.swift; path = NetworkConfig.swift; sourceTree = "<group>"; };
		AEF3CA2228DCFA0500506492 /* Container.framework */ = {isa = PBXFileReference; explicitFileType = wrapper.framework; includeInIndex = 0; path = Container.framework; sourceTree = BUILT_PRODUCTS_DIR; };
		AEF3CA2528DCFA0500506492 /* Container.docc */ = {isa = PBXFileReference; lastKnownFileType = folder.documentationcatalog; path = Container.docc; sourceTree = "<group>"; };
		AEF3CA2B28DCFA0600506492 /* ContainerTests.xctest */ = {isa = PBXFileReference; explicitFileType = wrapper.cfbundle; includeInIndex = 0; path = ContainerTests.xctest; sourceTree = BUILT_PRODUCTS_DIR; };
		AEF3CA3228DCFA0600506492 /* ContainerTests.swift */ = {isa = PBXFileReference; lastKnownFileType = sourcecode.swift; path = ContainerTests.swift; sourceTree = "<group>"; };
		AEF3CA4128DCFAF800506492 /* Container.swift */ = {isa = PBXFileReference; lastKnownFileType = sourcecode.swift; path = Container.swift; sourceTree = "<group>"; };
		AEF3CA4328DEB15100506492 /* ListRowViewModel.swift */ = {isa = PBXFileReference; lastKnownFileType = sourcecode.swift; path = ListRowViewModel.swift; sourceTree = "<group>"; };
		AEF3CA4628DEBB6800506492 /* DetailPageViewModel.swift */ = {isa = PBXFileReference; lastKnownFileType = sourcecode.swift; path = DetailPageViewModel.swift; sourceTree = "<group>"; };
		AEF3CA4928DEEE1400506492 /* CapsuleButton.swift */ = {isa = PBXFileReference; lastKnownFileType = sourcecode.swift; path = CapsuleButton.swift; sourceTree = "<group>"; };
		AEF3CA4B28DEF33900506492 /* BackgroundModifierView.swift */ = {isa = PBXFileReference; lastKnownFileType = sourcecode.swift; path = BackgroundModifierView.swift; sourceTree = "<group>"; };
/* End PBXFileReference section */

/* Begin PBXFrameworksBuildPhase section */
		AE26175D28DAF8C2009EDE3F /* Frameworks */ = {
			isa = PBXFrameworksBuildPhase;
			buildActionMask = 2147483647;
			files = (
				AEF3CA3728DCFA0600506492 /* Container.framework in Frameworks */,
				AEF3C9F728DB23B900506492 /* SwiftUIViewComponents.framework in Frameworks */,
			);
			runOnlyForDeploymentPostprocessing = 0;
		};
		AE26176A28DAF8C2009EDE3F /* Frameworks */ = {
			isa = PBXFrameworksBuildPhase;
			buildActionMask = 2147483647;
			files = (
			);
			runOnlyForDeploymentPostprocessing = 0;
		};
		AEF3C9DF28DB23B900506492 /* Frameworks */ = {
			isa = PBXFrameworksBuildPhase;
			buildActionMask = 2147483647;
			files = (
			);
			runOnlyForDeploymentPostprocessing = 0;
		};
		AEF3C9E828DB23B900506492 /* Frameworks */ = {
			isa = PBXFrameworksBuildPhase;
			buildActionMask = 2147483647;
			files = (
				AEF3C9EC28DB23B900506492 /* SwiftUIViewComponents.framework in Frameworks */,
			);
			runOnlyForDeploymentPostprocessing = 0;
		};
		AEF3CA1F28DCFA0500506492 /* Frameworks */ = {
			isa = PBXFrameworksBuildPhase;
			buildActionMask = 2147483647;
			files = (
			);
			runOnlyForDeploymentPostprocessing = 0;
		};
		AEF3CA2828DCFA0600506492 /* Frameworks */ = {
			isa = PBXFrameworksBuildPhase;
			buildActionMask = 2147483647;
			files = (
				AEF3CA2C28DCFA0600506492 /* Container.framework in Frameworks */,
			);
			runOnlyForDeploymentPostprocessing = 0;
		};
/* End PBXFrameworksBuildPhase section */

/* Begin PBXGroup section */
		AE26175328DAF8C0009EDE3F = {
			isa = PBXGroup;
			children = (
				AE26175828DAF8C0009EDE3F /* Shared */,
				AE26177028DAF8C2009EDE3F /* Tests iOS */,
				AEF3C9E328DB23B900506492 /* SwiftUIViewComponents */,
				AEF3C9F128DB23B900506492 /* SwiftUIViewComponentsTests */,
				AEF3CA2328DCFA0500506492 /* Container */,
				AEF3CA3128DCFA0600506492 /* ContainerTests */,
				AE26176128DAF8C2009EDE3F /* Products */,
			);
			sourceTree = "<group>";
		};
		AE26175828DAF8C0009EDE3F /* Shared */ = {
			isa = PBXGroup;
			children = (
				AEF3CA0528DB5AA300506492 /* Model */,
				AEF3CA1428DBC87A00506492 /* View */,
				AEF3CA1128DBA30A00506492 /* ViewModel */,
				AEF3CA0828DB5DA100506492 /* Service */,
				AEF3CA0228DB529C00506492 /* apistub.json */,
				AE26175928DAF8C0009EDE3F /* SwiftUIEngineerApp.swift */,
				AE26175B28DAF8C2009EDE3F /* Assets.xcassets */,
			);
			path = Shared;
			sourceTree = "<group>";
		};
		AE26176128DAF8C2009EDE3F /* Products */ = {
			isa = PBXGroup;
			children = (
				AE26176028DAF8C2009EDE3F /* SwiftUIEngineer.app */,
				AE26176D28DAF8C2009EDE3F /* Tests iOS.xctest */,
				AEF3C9E228DB23B900506492 /* SwiftUIViewComponents.framework */,
				AEF3C9EB28DB23B900506492 /* SwiftUIViewComponentsTests.xctest */,
				AEF3CA2228DCFA0500506492 /* Container.framework */,
				AEF3CA2B28DCFA0600506492 /* ContainerTests.xctest */,
			);
			name = Products;
			sourceTree = "<group>";
		};
		AE26177028DAF8C2009EDE3F /* Tests iOS */ = {
			isa = PBXGroup;
			children = (
				AE26177128DAF8C2009EDE3F /* Tests_iOS.swift */,
				AE26177328DAF8C2009EDE3F /* Tests_iOSLaunchTests.swift */,
			);
			path = "Tests iOS";
			sourceTree = "<group>";
		};
		AEF3C9E328DB23B900506492 /* SwiftUIViewComponents */ = {
			isa = PBXGroup;
			children = (
				AEF3CA0028DB23DC00506492 /* View+NavigationTitle.swift */,
				AEF3C9E528DB23B900506492 /* SwiftUIViewComponents.docc */,
				AEF3CA0B28DB650F00506492 /* ListRowView.swift */,
				AEF3CA0F28DB937200506492 /* Padding.swift */,
				AEF3CA4928DEEE1400506492 /* CapsuleButton.swift */,
				AEF3CA4B28DEF33900506492 /* BackgroundModifierView.swift */,
			);
			path = SwiftUIViewComponents;
			sourceTree = "<group>";
		};
		AEF3C9F128DB23B900506492 /* SwiftUIViewComponentsTests */ = {
			isa = PBXGroup;
			children = (
				AEF3C9F228DB23B900506492 /* SwiftUIViewComponentsTests.swift */,
			);
			path = SwiftUIViewComponentsTests;
			sourceTree = "<group>";
		};
		AEF3CA0528DB5AA300506492 /* Model */ = {
			isa = PBXGroup;
			children = (
				AEF3CA0628DB5ADF00506492 /* HomePageData.swift */,
			);
			path = Model;
			sourceTree = "<group>";
		};
		AEF3CA0828DB5DA100506492 /* Service */ = {
			isa = PBXGroup;
			children = (
				AEF3CA0928DB5DBA00506492 /* HomePageService.swift */,
				AEF3CA1728DCED3600506492 /* StubServer.swift */,
			);
			path = Service;
			sourceTree = "<group>";
		};
		AEF3CA1128DBA30A00506492 /* ViewModel */ = {
			isa = PBXGroup;
			children = (
				AEF3CA1228DBA32E00506492 /* HomePageViewModel.swift */,
				AEF3CA4328DEB15100506492 /* ListRowViewModel.swift */,
				AEF3CA4628DEBB6800506492 /* DetailPageViewModel.swift */,
			);
			path = ViewModel;
			sourceTree = "<group>";
		};
		AEF3CA1428DBC87A00506492 /* View */ = {
			isa = PBXGroup;
			children = (
				AE26175A28DAF8C0009EDE3F /* HomePageView.swift */,
				AEF3CA1528DBC93300506492 /* DetailPage.swift */,
			);
			path = View;
			sourceTree = "<group>";
		};
		AEF3CA2328DCFA0500506492 /* Container */ = {
			isa = PBXGroup;
			children = (
				AEF3CA1B28DCF91100506492 /* NetworkConfig.swift */,
				AEF3CA1928DCEE0300506492 /* AppError.swift */,
				AEF3CA2528DCFA0500506492 /* Container.docc */,
				AEF3CA4128DCFAF800506492 /* Container.swift */,
			);
			path = Container;
			sourceTree = "<group>";
		};
		AEF3CA3128DCFA0600506492 /* ContainerTests */ = {
			isa = PBXGroup;
			children = (
				AEF3CA3228DCFA0600506492 /* ContainerTests.swift */,
			);
			path = ContainerTests;
			sourceTree = "<group>";
		};
/* End PBXGroup section */

/* Begin PBXHeadersBuildPhase section */
		AEF3C9DD28DB23B900506492 /* Headers */ = {
			isa = PBXHeadersBuildPhase;
			buildActionMask = 2147483647;
			files = (
			);
			runOnlyForDeploymentPostprocessing = 0;
		};
		AEF3CA1D28DCFA0500506492 /* Headers */ = {
			isa = PBXHeadersBuildPhase;
			buildActionMask = 2147483647;
			files = (
			);
			runOnlyForDeploymentPostprocessing = 0;
		};
/* End PBXHeadersBuildPhase section */

/* Begin PBXNativeTarget section */
		AE26175F28DAF8C2009EDE3F /* SwiftUIEngineer (iOS) */ = {
			isa = PBXNativeTarget;
			buildConfigurationList = AE26178928DAF8C2009EDE3F /* Build configuration list for PBXNativeTarget "SwiftUIEngineer (iOS)" */;
			buildPhases = (
				AE26175C28DAF8C2009EDE3F /* Sources */,
				AE26175D28DAF8C2009EDE3F /* Frameworks */,
				AE26175E28DAF8C2009EDE3F /* Resources */,
				AEF3C9FC28DB23B900506492 /* Embed Frameworks */,
			);
			buildRules = (
			);
			dependencies = (
				AEF3C9F628DB23B900506492 /* PBXTargetDependency */,
				AEF3CA3628DCFA0600506492 /* PBXTargetDependency */,
			);
			name = "SwiftUIEngineer (iOS)";
			productName = "SwiftUIEngineer (iOS)";
			productReference = AE26176028DAF8C2009EDE3F /* SwiftUIEngineer.app */;
			productType = "com.apple.product-type.application";
		};
		AE26176C28DAF8C2009EDE3F /* Tests iOS */ = {
			isa = PBXNativeTarget;
			buildConfigurationList = AE26178F28DAF8C2009EDE3F /* Build configuration list for PBXNativeTarget "Tests iOS" */;
			buildPhases = (
				AE26176928DAF8C2009EDE3F /* Sources */,
				AE26176A28DAF8C2009EDE3F /* Frameworks */,
				AE26176B28DAF8C2009EDE3F /* Resources */,
			);
			buildRules = (
			);
			dependencies = (
				AE26176F28DAF8C2009EDE3F /* PBXTargetDependency */,
			);
			name = "Tests iOS";
			productName = "Tests iOS";
			productReference = AE26176D28DAF8C2009EDE3F /* Tests iOS.xctest */;
			productType = "com.apple.product-type.bundle.ui-testing";
		};
		AEF3C9E128DB23B900506492 /* SwiftUIViewComponents */ = {
			isa = PBXNativeTarget;
			buildConfigurationList = AEF3C9F928DB23B900506492 /* Build configuration list for PBXNativeTarget "SwiftUIViewComponents" */;
			buildPhases = (
				AEF3C9DD28DB23B900506492 /* Headers */,
				AEF3C9DE28DB23B900506492 /* Sources */,
				AEF3C9DF28DB23B900506492 /* Frameworks */,
				AEF3C9E028DB23B900506492 /* Resources */,
			);
			buildRules = (
			);
			dependencies = (
			);
			name = SwiftUIViewComponents;
			productName = SwiftUIViewComponents;
			productReference = AEF3C9E228DB23B900506492 /* SwiftUIViewComponents.framework */;
			productType = "com.apple.product-type.framework";
		};
		AEF3C9EA28DB23B900506492 /* SwiftUIViewComponentsTests */ = {
			isa = PBXNativeTarget;
			buildConfigurationList = AEF3C9FD28DB23B900506492 /* Build configuration list for PBXNativeTarget "SwiftUIViewComponentsTests" */;
			buildPhases = (
				AEF3C9E728DB23B900506492 /* Sources */,
				AEF3C9E828DB23B900506492 /* Frameworks */,
				AEF3C9E928DB23B900506492 /* Resources */,
			);
			buildRules = (
			);
			dependencies = (
				AEF3C9EE28DB23B900506492 /* PBXTargetDependency */,
				AEF3C9F028DB23B900506492 /* PBXTargetDependency */,
			);
			name = SwiftUIViewComponentsTests;
			productName = SwiftUIViewComponentsTests;
			productReference = AEF3C9EB28DB23B900506492 /* SwiftUIViewComponentsTests.xctest */;
			productType = "com.apple.product-type.bundle.unit-test";
		};
		AEF3CA2128DCFA0500506492 /* Container */ = {
			isa = PBXNativeTarget;
			buildConfigurationList = AEF3CA3928DCFA0600506492 /* Build configuration list for PBXNativeTarget "Container" */;
			buildPhases = (
				AEF3CA1D28DCFA0500506492 /* Headers */,
				AEF3CA1E28DCFA0500506492 /* Sources */,
				AEF3CA1F28DCFA0500506492 /* Frameworks */,
				AEF3CA2028DCFA0500506492 /* Resources */,
			);
			buildRules = (
			);
			dependencies = (
			);
			name = Container;
			productName = Container;
			productReference = AEF3CA2228DCFA0500506492 /* Container.framework */;
			productType = "com.apple.product-type.framework";
		};
		AEF3CA2A28DCFA0600506492 /* ContainerTests */ = {
			isa = PBXNativeTarget;
			buildConfigurationList = AEF3CA3C28DCFA0600506492 /* Build configuration list for PBXNativeTarget "ContainerTests" */;
			buildPhases = (
				AEF3CA2728DCFA0600506492 /* Sources */,
				AEF3CA2828DCFA0600506492 /* Frameworks */,
				AEF3CA2928DCFA0600506492 /* Resources */,
			);
			buildRules = (
			);
			dependencies = (
				AEF3CA2E28DCFA0600506492 /* PBXTargetDependency */,
				AEF3CA3028DCFA0600506492 /* PBXTargetDependency */,
			);
			name = ContainerTests;
			productName = ContainerTests;
			productReference = AEF3CA2B28DCFA0600506492 /* ContainerTests.xctest */;
			productType = "com.apple.product-type.bundle.unit-test";
		};
/* End PBXNativeTarget section */

/* Begin PBXProject section */
		AE26175428DAF8C0009EDE3F /* Project object */ = {
			isa = PBXProject;
			attributes = {
				BuildIndependentTargetsInParallel = 1;
				LastSwiftUpdateCheck = 1340;
				LastUpgradeCheck = 1340;
				TargetAttributes = {
					AE26175F28DAF8C2009EDE3F = {
						CreatedOnToolsVersion = 13.4.1;
					};
					AE26176C28DAF8C2009EDE3F = {
						CreatedOnToolsVersion = 13.4.1;
						TestTargetID = AE26175F28DAF8C2009EDE3F;
					};
					AEF3C9E128DB23B900506492 = {
						CreatedOnToolsVersion = 13.4.1;
					};
					AEF3C9EA28DB23B900506492 = {
						CreatedOnToolsVersion = 13.4.1;
						TestTargetID = AE26175F28DAF8C2009EDE3F;
					};
					AEF3CA2128DCFA0500506492 = {
						CreatedOnToolsVersion = 13.4.1;
					};
					AEF3CA2A28DCFA0600506492 = {
						CreatedOnToolsVersion = 13.4.1;
						TestTargetID = AE26175F28DAF8C2009EDE3F;
					};
				};
			};
			buildConfigurationList = AE26175728DAF8C0009EDE3F /* Build configuration list for PBXProject "SwiftUIEngineer" */;
			compatibilityVersion = "Xcode 13.0";
			developmentRegion = en;
			hasScannedForEncodings = 0;
			knownRegions = (
				en,
				Base,
			);
			mainGroup = AE26175328DAF8C0009EDE3F;
			productRefGroup = AE26176128DAF8C2009EDE3F /* Products */;
			projectDirPath = "";
			projectRoot = "";
			targets = (
				AE26175F28DAF8C2009EDE3F /* SwiftUIEngineer (iOS) */,
				AE26176C28DAF8C2009EDE3F /* Tests iOS */,
				AEF3C9E128DB23B900506492 /* SwiftUIViewComponents */,
				AEF3C9EA28DB23B900506492 /* SwiftUIViewComponentsTests */,
				AEF3CA2128DCFA0500506492 /* Container */,
				AEF3CA2A28DCFA0600506492 /* ContainerTests */,
			);
		};
/* End PBXProject section */

/* Begin PBXResourcesBuildPhase section */
		AE26175E28DAF8C2009EDE3F /* Resources */ = {
			isa = PBXResourcesBuildPhase;
			buildActionMask = 2147483647;
			files = (
				AEF3CA0428DB52AD00506492 /* apistub.json in Resources */,
				AE26178528DAF8C2009EDE3F /* Assets.xcassets in Resources */,
			);
			runOnlyForDeploymentPostprocessing = 0;
		};
		AE26176B28DAF8C2009EDE3F /* Resources */ = {
			isa = PBXResourcesBuildPhase;
			buildActionMask = 2147483647;
			files = (
			);
			runOnlyForDeploymentPostprocessing = 0;
		};
		AEF3C9E028DB23B900506492 /* Resources */ = {
			isa = PBXResourcesBuildPhase;
			buildActionMask = 2147483647;
			files = (
			);
			runOnlyForDeploymentPostprocessing = 0;
		};
		AEF3C9E928DB23B900506492 /* Resources */ = {
			isa = PBXResourcesBuildPhase;
			buildActionMask = 2147483647;
			files = (
			);
			runOnlyForDeploymentPostprocessing = 0;
		};
		AEF3CA2028DCFA0500506492 /* Resources */ = {
			isa = PBXResourcesBuildPhase;
			buildActionMask = 2147483647;
			files = (
			);
			runOnlyForDeploymentPostprocessing = 0;
		};
		AEF3CA2928DCFA0600506492 /* Resources */ = {
			isa = PBXResourcesBuildPhase;
			buildActionMask = 2147483647;
			files = (
			);
			runOnlyForDeploymentPostprocessing = 0;
		};
/* End PBXResourcesBuildPhase section */

/* Begin PBXSourcesBuildPhase section */
		AE26175C28DAF8C2009EDE3F /* Sources */ = {
			isa = PBXSourcesBuildPhase;
			buildActionMask = 2147483647;
			files = (
				AEF3CA1828DCED3600506492 /* StubServer.swift in Sources */,
				AEF3CA4428DEB15100506492 /* ListRowViewModel.swift in Sources */,
				AE26178328DAF8C2009EDE3F /* HomePageView.swift in Sources */,
				AEF3CA4728DEBB6800506492 /* DetailPageViewModel.swift in Sources */,
				AEF3CA0E28DB787700506492 /* HomePageData.swift in Sources */,
				AE26178128DAF8C2009EDE3F /* SwiftUIEngineerApp.swift in Sources */,
				AEF3CA1628DBC93300506492 /* DetailPage.swift in Sources */,
				AEF3CA0D28DB784F00506492 /* HomePageService.swift in Sources */,
				AEF3CA1328DBA32E00506492 /* HomePageViewModel.swift in Sources */,
			);
			runOnlyForDeploymentPostprocessing = 0;
		};
		AE26176928DAF8C2009EDE3F /* Sources */ = {
			isa = PBXSourcesBuildPhase;
			buildActionMask = 2147483647;
			files = (
				AE26177428DAF8C2009EDE3F /* Tests_iOSLaunchTests.swift in Sources */,
				AE26177228DAF8C2009EDE3F /* Tests_iOS.swift in Sources */,
			);
			runOnlyForDeploymentPostprocessing = 0;
		};
		AEF3C9DE28DB23B900506492 /* Sources */ = {
			isa = PBXSourcesBuildPhase;
			buildActionMask = 2147483647;
			files = (
				AEF3C9E628DB23B900506492 /* SwiftUIViewComponents.docc in Sources */,
				AEF3CA4C28DEF33900506492 /* BackgroundModifierView.swift in Sources */,
				AEF3CA0128DB23DC00506492 /* View+NavigationTitle.swift in Sources */,
				AEF3CA0C28DB651000506492 /* ListRowView.swift in Sources */,
				AEF3CA4A28DEEE1400506492 /* CapsuleButton.swift in Sources */,
				AEF3CA1028DB937200506492 /* Padding.swift in Sources */,
			);
			runOnlyForDeploymentPostprocessing = 0;
		};
		AEF3C9E728DB23B900506492 /* Sources */ = {
			isa = PBXSourcesBuildPhase;
			buildActionMask = 2147483647;
			files = (
				AEF3C9F328DB23B900506492 /* SwiftUIViewComponentsTests.swift in Sources */,
			);
			runOnlyForDeploymentPostprocessing = 0;
		};
		AEF3CA1E28DCFA0500506492 /* Sources */ = {
			isa = PBXSourcesBuildPhase;
			buildActionMask = 2147483647;
			files = (
				AEF3CA3F28DCFA3B00506492 /* AppError.swift in Sources */,
				AEF3CA4228DCFAF800506492 /* Container.swift in Sources */,
				AEF3CA2628DCFA0500506492 /* Container.docc in Sources */,
				AEF3CA4028DCFA5D00506492 /* NetworkConfig.swift in Sources */,
			);
			runOnlyForDeploymentPostprocessing = 0;
		};
		AEF3CA2728DCFA0600506492 /* Sources */ = {
			isa = PBXSourcesBuildPhase;
			buildActionMask = 2147483647;
			files = (
				AEF3CA3328DCFA0600506492 /* ContainerTests.swift in Sources */,
			);
			runOnlyForDeploymentPostprocessing = 0;
		};
/* End PBXSourcesBuildPhase section */

/* Begin PBXTargetDependency section */
		AE26176F28DAF8C2009EDE3F /* PBXTargetDependency */ = {
			isa = PBXTargetDependency;
			target = AE26175F28DAF8C2009EDE3F /* SwiftUIEngineer (iOS) */;
			targetProxy = AE26176E28DAF8C2009EDE3F /* PBXContainerItemProxy */;
		};
		AEF3C9EE28DB23B900506492 /* PBXTargetDependency */ = {
			isa = PBXTargetDependency;
			target = AEF3C9E128DB23B900506492 /* SwiftUIViewComponents */;
			targetProxy = AEF3C9ED28DB23B900506492 /* PBXContainerItemProxy */;
		};
		AEF3C9F028DB23B900506492 /* PBXTargetDependency */ = {
			isa = PBXTargetDependency;
			target = AE26175F28DAF8C2009EDE3F /* SwiftUIEngineer (iOS) */;
			targetProxy = AEF3C9EF28DB23B900506492 /* PBXContainerItemProxy */;
		};
		AEF3C9F628DB23B900506492 /* PBXTargetDependency */ = {
			isa = PBXTargetDependency;
			target = AEF3C9E128DB23B900506492 /* SwiftUIViewComponents */;
			targetProxy = AEF3C9F528DB23B900506492 /* PBXContainerItemProxy */;
		};
		AEF3CA2E28DCFA0600506492 /* PBXTargetDependency */ = {
			isa = PBXTargetDependency;
			target = AEF3CA2128DCFA0500506492 /* Container */;
			targetProxy = AEF3CA2D28DCFA0600506492 /* PBXContainerItemProxy */;
		};
		AEF3CA3028DCFA0600506492 /* PBXTargetDependency */ = {
			isa = PBXTargetDependency;
			target = AE26175F28DAF8C2009EDE3F /* SwiftUIEngineer (iOS) */;
			targetProxy = AEF3CA2F28DCFA0600506492 /* PBXContainerItemProxy */;
		};
		AEF3CA3628DCFA0600506492 /* PBXTargetDependency */ = {
			isa = PBXTargetDependency;
			target = AEF3CA2128DCFA0500506492 /* Container */;
			targetProxy = AEF3CA3528DCFA0600506492 /* PBXContainerItemProxy */;
		};
/* End PBXTargetDependency section */

/* Begin XCBuildConfiguration section */
		AE26178728DAF8C2009EDE3F /* Debug */ = {
			isa = XCBuildConfiguration;
			buildSettings = {
				ALWAYS_SEARCH_USER_PATHS = NO;
				CLANG_ANALYZER_NONNULL = YES;
				CLANG_ANALYZER_NUMBER_OBJECT_CONVERSION = YES_AGGRESSIVE;
				CLANG_CXX_LANGUAGE_STANDARD = "gnu++17";
				CLANG_ENABLE_MODULES = YES;
				CLANG_ENABLE_OBJC_ARC = YES;
				CLANG_ENABLE_OBJC_WEAK = YES;
				CLANG_WARN_BLOCK_CAPTURE_AUTORELEASING = YES;
				CLANG_WARN_BOOL_CONVERSION = YES;
				CLANG_WARN_COMMA = YES;
				CLANG_WARN_CONSTANT_CONVERSION = YES;
				CLANG_WARN_DEPRECATED_OBJC_IMPLEMENTATIONS = YES;
				CLANG_WARN_DIRECT_OBJC_ISA_USAGE = YES_ERROR;
				CLANG_WARN_DOCUMENTATION_COMMENTS = YES;
				CLANG_WARN_EMPTY_BODY = YES;
				CLANG_WARN_ENUM_CONVERSION = YES;
				CLANG_WARN_INFINITE_RECURSION = YES;
				CLANG_WARN_INT_CONVERSION = YES;
				CLANG_WARN_NON_LITERAL_NULL_CONVERSION = YES;
				CLANG_WARN_OBJC_IMPLICIT_RETAIN_SELF = YES;
				CLANG_WARN_OBJC_LITERAL_CONVERSION = YES;
				CLANG_WARN_OBJC_ROOT_CLASS = YES_ERROR;
				CLANG_WARN_QUOTED_INCLUDE_IN_FRAMEWORK_HEADER = YES;
				CLANG_WARN_RANGE_LOOP_ANALYSIS = YES;
				CLANG_WARN_STRICT_PROTOTYPES = YES;
				CLANG_WARN_SUSPICIOUS_MOVE = YES;
				CLANG_WARN_UNGUARDED_AVAILABILITY = YES_AGGRESSIVE;
				CLANG_WARN_UNREACHABLE_CODE = YES;
				CLANG_WARN__DUPLICATE_METHOD_MATCH = YES;
				COPY_PHASE_STRIP = NO;
				DEBUG_INFORMATION_FORMAT = dwarf;
				ENABLE_STRICT_OBJC_MSGSEND = YES;
				ENABLE_TESTABILITY = YES;
				GCC_C_LANGUAGE_STANDARD = gnu11;
				GCC_DYNAMIC_NO_PIC = NO;
				GCC_NO_COMMON_BLOCKS = YES;
				GCC_OPTIMIZATION_LEVEL = 0;
				GCC_PREPROCESSOR_DEFINITIONS = (
					"DEBUG=1",
					"$(inherited)",
				);
				GCC_WARN_64_TO_32_BIT_CONVERSION = YES;
				GCC_WARN_ABOUT_RETURN_TYPE = YES_ERROR;
				GCC_WARN_UNDECLARED_SELECTOR = YES;
				GCC_WARN_UNINITIALIZED_AUTOS = YES_AGGRESSIVE;
				GCC_WARN_UNUSED_FUNCTION = YES;
				GCC_WARN_UNUSED_VARIABLE = YES;
				MTL_ENABLE_DEBUG_INFO = INCLUDE_SOURCE;
				MTL_FAST_MATH = YES;
				ONLY_ACTIVE_ARCH = NO;
				SWIFT_ACTIVE_COMPILATION_CONDITIONS = DEBUG;
				SWIFT_OPTIMIZATION_LEVEL = "-Onone";
			};
			name = Debug;
		};
		AE26178828DAF8C2009EDE3F /* Release */ = {
			isa = XCBuildConfiguration;
			buildSettings = {
				ALWAYS_SEARCH_USER_PATHS = NO;
				CLANG_ANALYZER_NONNULL = YES;
				CLANG_ANALYZER_NUMBER_OBJECT_CONVERSION = YES_AGGRESSIVE;
				CLANG_CXX_LANGUAGE_STANDARD = "gnu++17";
				CLANG_ENABLE_MODULES = YES;
				CLANG_ENABLE_OBJC_ARC = YES;
				CLANG_ENABLE_OBJC_WEAK = YES;
				CLANG_WARN_BLOCK_CAPTURE_AUTORELEASING = YES;
				CLANG_WARN_BOOL_CONVERSION = YES;
				CLANG_WARN_COMMA = YES;
				CLANG_WARN_CONSTANT_CONVERSION = YES;
				CLANG_WARN_DEPRECATED_OBJC_IMPLEMENTATIONS = YES;
				CLANG_WARN_DIRECT_OBJC_ISA_USAGE = YES_ERROR;
				CLANG_WARN_DOCUMENTATION_COMMENTS = YES;
				CLANG_WARN_EMPTY_BODY = YES;
				CLANG_WARN_ENUM_CONVERSION = YES;
				CLANG_WARN_INFINITE_RECURSION = YES;
				CLANG_WARN_INT_CONVERSION = YES;
				CLANG_WARN_NON_LITERAL_NULL_CONVERSION = YES;
				CLANG_WARN_OBJC_IMPLICIT_RETAIN_SELF = YES;
				CLANG_WARN_OBJC_LITERAL_CONVERSION = YES;
				CLANG_WARN_OBJC_ROOT_CLASS = YES_ERROR;
				CLANG_WARN_QUOTED_INCLUDE_IN_FRAMEWORK_HEADER = YES;
				CLANG_WARN_RANGE_LOOP_ANALYSIS = YES;
				CLANG_WARN_STRICT_PROTOTYPES = YES;
				CLANG_WARN_SUSPICIOUS_MOVE = YES;
				CLANG_WARN_UNGUARDED_AVAILABILITY = YES_AGGRESSIVE;
				CLANG_WARN_UNREACHABLE_CODE = YES;
				CLANG_WARN__DUPLICATE_METHOD_MATCH = YES;
				COPY_PHASE_STRIP = NO;
				DEBUG_INFORMATION_FORMAT = "dwarf-with-dsym";
				ENABLE_NS_ASSERTIONS = NO;
				ENABLE_STRICT_OBJC_MSGSEND = YES;
				GCC_C_LANGUAGE_STANDARD = gnu11;
				GCC_NO_COMMON_BLOCKS = YES;
				GCC_WARN_64_TO_32_BIT_CONVERSION = YES;
				GCC_WARN_ABOUT_RETURN_TYPE = YES_ERROR;
				GCC_WARN_UNDECLARED_SELECTOR = YES;
				GCC_WARN_UNINITIALIZED_AUTOS = YES_AGGRESSIVE;
				GCC_WARN_UNUSED_FUNCTION = YES;
				GCC_WARN_UNUSED_VARIABLE = YES;
				MTL_ENABLE_DEBUG_INFO = NO;
				MTL_FAST_MATH = YES;
				ONLY_ACTIVE_ARCH = NO;
				SWIFT_COMPILATION_MODE = wholemodule;
				SWIFT_OPTIMIZATION_LEVEL = "-O";
			};
			name = Release;
		};
		AE26178A28DAF8C2009EDE3F /* Debug */ = {
			isa = XCBuildConfiguration;
			buildSettings = {
				ALWAYS_EMBED_SWIFT_STANDARD_LIBRARIES = YES;
				ASSETCATALOG_COMPILER_APPICON_NAME = AppIcon;
				ASSETCATALOG_COMPILER_GLOBAL_ACCENT_COLOR_NAME = AccentColor;
				CODE_SIGN_STYLE = Automatic;
				CURRENT_PROJECT_VERSION = 1;
				ENABLE_PREVIEWS = YES;
				GENERATE_INFOPLIST_FILE = YES;
				INFOPLIST_KEY_UIApplicationSceneManifest_Generation = YES;
				INFOPLIST_KEY_UIApplicationSupportsIndirectInputEvents = YES;
				INFOPLIST_KEY_UILaunchScreen_Generation = YES;
				INFOPLIST_KEY_UISupportedInterfaceOrientations_iPad = "UIInterfaceOrientationPortrait UIInterfaceOrientationPortraitUpsideDown UIInterfaceOrientationLandscapeLeft UIInterfaceOrientationLandscapeRight";
				INFOPLIST_KEY_UISupportedInterfaceOrientations_iPhone = "UIInterfaceOrientationPortrait UIInterfaceOrientationLandscapeLeft UIInterfaceOrientationLandscapeRight";
				IPHONEOS_DEPLOYMENT_TARGET = 15.5;
				LD_RUNPATH_SEARCH_PATHS = (
					"$(inherited)",
					"@executable_path/Frameworks",
				);
				MARKETING_VERSION = 1.0;
				PRODUCT_BUNDLE_IDENTIFIER = com.jageloo.SwiftUIEngineer;
				PRODUCT_NAME = SwiftUIEngineer;
				SDKROOT = iphoneos;
				SWIFT_EMIT_LOC_STRINGS = YES;
				SWIFT_VERSION = 5.0;
				TARGETED_DEVICE_FAMILY = "1,2";
			};
			name = Debug;
		};
		AE26178B28DAF8C2009EDE3F /* Release */ = {
			isa = XCBuildConfiguration;
			buildSettings = {
				ALWAYS_EMBED_SWIFT_STANDARD_LIBRARIES = YES;
				ASSETCATALOG_COMPILER_APPICON_NAME = AppIcon;
				ASSETCATALOG_COMPILER_GLOBAL_ACCENT_COLOR_NAME = AccentColor;
				CODE_SIGN_STYLE = Automatic;
				CURRENT_PROJECT_VERSION = 1;
				ENABLE_PREVIEWS = YES;
				GENERATE_INFOPLIST_FILE = YES;
				INFOPLIST_KEY_UIApplicationSceneManifest_Generation = YES;
				INFOPLIST_KEY_UIApplicationSupportsIndirectInputEvents = YES;
				INFOPLIST_KEY_UILaunchScreen_Generation = YES;
				INFOPLIST_KEY_UISupportedInterfaceOrientations_iPad = "UIInterfaceOrientationPortrait UIInterfaceOrientationPortraitUpsideDown UIInterfaceOrientationLandscapeLeft UIInterfaceOrientationLandscapeRight";
				INFOPLIST_KEY_UISupportedInterfaceOrientations_iPhone = "UIInterfaceOrientationPortrait UIInterfaceOrientationLandscapeLeft UIInterfaceOrientationLandscapeRight";
				IPHONEOS_DEPLOYMENT_TARGET = 15.5;
				LD_RUNPATH_SEARCH_PATHS = (
					"$(inherited)",
					"@executable_path/Frameworks",
				);
				MARKETING_VERSION = 1.0;
				PRODUCT_BUNDLE_IDENTIFIER = com.jageloo.SwiftUIEngineer;
				PRODUCT_NAME = SwiftUIEngineer;
				SDKROOT = iphoneos;
				SWIFT_EMIT_LOC_STRINGS = YES;
				SWIFT_VERSION = 5.0;
				TARGETED_DEVICE_FAMILY = "1,2";
				VALIDATE_PRODUCT = YES;
			};
			name = Release;
		};
		AE26179028DAF8C2009EDE3F /* Debug */ = {
			isa = XCBuildConfiguration;
			buildSettings = {
				ALWAYS_EMBED_SWIFT_STANDARD_LIBRARIES = YES;
				CODE_SIGN_STYLE = Automatic;
				CURRENT_PROJECT_VERSION = 1;
				GENERATE_INFOPLIST_FILE = YES;
				IPHONEOS_DEPLOYMENT_TARGET = 15.5;
				MARKETING_VERSION = 1.0;
				PRODUCT_BUNDLE_IDENTIFIER = "com.jageloo.Tests-iOS";
				PRODUCT_NAME = "$(TARGET_NAME)";
				SDKROOT = iphoneos;
				SWIFT_EMIT_LOC_STRINGS = NO;
				SWIFT_VERSION = 5.0;
				TARGETED_DEVICE_FAMILY = "1,2";
				TEST_TARGET_NAME = "SwiftUIEngineer (iOS)";
			};
			name = Debug;
		};
		AE26179128DAF8C2009EDE3F /* Release */ = {
			isa = XCBuildConfiguration;
			buildSettings = {
				ALWAYS_EMBED_SWIFT_STANDARD_LIBRARIES = YES;
				CODE_SIGN_STYLE = Automatic;
				CURRENT_PROJECT_VERSION = 1;
				GENERATE_INFOPLIST_FILE = YES;
				IPHONEOS_DEPLOYMENT_TARGET = 15.5;
				MARKETING_VERSION = 1.0;
				PRODUCT_BUNDLE_IDENTIFIER = "com.jageloo.Tests-iOS";
				PRODUCT_NAME = "$(TARGET_NAME)";
				SDKROOT = iphoneos;
				SWIFT_EMIT_LOC_STRINGS = NO;
				SWIFT_VERSION = 5.0;
				TARGETED_DEVICE_FAMILY = "1,2";
				TEST_TARGET_NAME = "SwiftUIEngineer (iOS)";
				VALIDATE_PRODUCT = YES;
			};
			name = Release;
		};
		AEF3C9FA28DB23B900506492 /* Debug */ = {
			isa = XCBuildConfiguration;
			buildSettings = {
				CODE_SIGN_STYLE = Automatic;
				CURRENT_PROJECT_VERSION = 1;
				DEFINES_MODULE = YES;
				DYLIB_COMPATIBILITY_VERSION = 1;
				DYLIB_CURRENT_VERSION = 1;
				DYLIB_INSTALL_NAME_BASE = "@rpath";
				GENERATE_INFOPLIST_FILE = YES;
				INFOPLIST_KEY_NSHumanReadableCopyright = "";
				INSTALL_PATH = "$(LOCAL_LIBRARY_DIR)/Frameworks";
				IPHONEOS_DEPLOYMENT_TARGET = 15.5;
				LD_RUNPATH_SEARCH_PATHS = (
					"$(inherited)",
					"@executable_path/Frameworks",
					"@loader_path/Frameworks",
				);
				MARKETING_VERSION = 1.0;
				PRODUCT_BUNDLE_IDENTIFIER = com.jageloo.SwiftUIViewComponents;
				PRODUCT_NAME = "$(TARGET_NAME:c99extidentifier)";
				SDKROOT = iphoneos;
				SKIP_INSTALL = YES;
				SWIFT_EMIT_LOC_STRINGS = YES;
				SWIFT_VERSION = 5.0;
				TARGETED_DEVICE_FAMILY = "1,2";
				VERSIONING_SYSTEM = "apple-generic";
				VERSION_INFO_PREFIX = "";
			};
			name = Debug;
		};
		AEF3C9FB28DB23B900506492 /* Release */ = {
			isa = XCBuildConfiguration;
			buildSettings = {
				CODE_SIGN_STYLE = Automatic;
				CURRENT_PROJECT_VERSION = 1;
				DEFINES_MODULE = YES;
				DYLIB_COMPATIBILITY_VERSION = 1;
				DYLIB_CURRENT_VERSION = 1;
				DYLIB_INSTALL_NAME_BASE = "@rpath";
				GENERATE_INFOPLIST_FILE = YES;
				INFOPLIST_KEY_NSHumanReadableCopyright = "";
				INSTALL_PATH = "$(LOCAL_LIBRARY_DIR)/Frameworks";
				IPHONEOS_DEPLOYMENT_TARGET = 15.5;
				LD_RUNPATH_SEARCH_PATHS = (
					"$(inherited)",
					"@executable_path/Frameworks",
					"@loader_path/Frameworks",
				);
				MARKETING_VERSION = 1.0;
				PRODUCT_BUNDLE_IDENTIFIER = com.jageloo.SwiftUIViewComponents;
				PRODUCT_NAME = "$(TARGET_NAME:c99extidentifier)";
				SDKROOT = iphoneos;
				SKIP_INSTALL = YES;
				SWIFT_EMIT_LOC_STRINGS = YES;
				SWIFT_VERSION = 5.0;
				TARGETED_DEVICE_FAMILY = "1,2";
				VALIDATE_PRODUCT = YES;
				VERSIONING_SYSTEM = "apple-generic";
				VERSION_INFO_PREFIX = "";
			};
			name = Release;
		};
		AEF3C9FE28DB23B900506492 /* Debug */ = {
			isa = XCBuildConfiguration;
			buildSettings = {
				ALWAYS_EMBED_SWIFT_STANDARD_LIBRARIES = YES;
				CODE_SIGN_STYLE = Automatic;
				CURRENT_PROJECT_VERSION = 1;
				GENERATE_INFOPLIST_FILE = YES;
				IPHONEOS_DEPLOYMENT_TARGET = 15.0;
				MARKETING_VERSION = 1.0;
				PRODUCT_BUNDLE_IDENTIFIER = com.jageloo.SwiftUIViewComponentsTests;
				PRODUCT_NAME = "$(TARGET_NAME)";
				SDKROOT = iphoneos;
				SWIFT_EMIT_LOC_STRINGS = NO;
				SWIFT_VERSION = 5.0;
				TARGETED_DEVICE_FAMILY = "1,2";
				TEST_HOST = "$(BUILT_PRODUCTS_DIR)/SwiftUIEngineer.app/SwiftUIEngineer";
			};
			name = Debug;
		};
		AEF3C9FF28DB23B900506492 /* Release */ = {
			isa = XCBuildConfiguration;
			buildSettings = {
				ALWAYS_EMBED_SWIFT_STANDARD_LIBRARIES = YES;
				CODE_SIGN_STYLE = Automatic;
				CURRENT_PROJECT_VERSION = 1;
				GENERATE_INFOPLIST_FILE = YES;
				IPHONEOS_DEPLOYMENT_TARGET = 15.0;
				MARKETING_VERSION = 1.0;
				PRODUCT_BUNDLE_IDENTIFIER = com.jageloo.SwiftUIViewComponentsTests;
				PRODUCT_NAME = "$(TARGET_NAME)";
				SDKROOT = iphoneos;
				SWIFT_EMIT_LOC_STRINGS = NO;
				SWIFT_VERSION = 5.0;
				TARGETED_DEVICE_FAMILY = "1,2";
				TEST_HOST = "$(BUILT_PRODUCTS_DIR)/SwiftUIEngineer.app/SwiftUIEngineer";
				VALIDATE_PRODUCT = YES;
			};
			name = Release;
		};
		AEF3CA3A28DCFA0600506492 /* Debug */ = {
			isa = XCBuildConfiguration;
			buildSettings = {
				CODE_SIGN_STYLE = Automatic;
				CURRENT_PROJECT_VERSION = 1;
				DEFINES_MODULE = YES;
				DYLIB_COMPATIBILITY_VERSION = 1;
				DYLIB_CURRENT_VERSION = 1;
				DYLIB_INSTALL_NAME_BASE = "@rpath";
				GENERATE_INFOPLIST_FILE = YES;
				INFOPLIST_KEY_NSHumanReadableCopyright = "";
				INSTALL_PATH = "$(LOCAL_LIBRARY_DIR)/Frameworks";
				IPHONEOS_DEPLOYMENT_TARGET = 15.5;
				LD_RUNPATH_SEARCH_PATHS = (
					"$(inherited)",
					"@executable_path/Frameworks",
					"@loader_path/Frameworks",
				);
				MARKETING_VERSION = 1.0;
				PRODUCT_BUNDLE_IDENTIFIER = com.jageloo.Container;
				PRODUCT_NAME = "$(TARGET_NAME:c99extidentifier)";
				SDKROOT = iphoneos;
				SKIP_INSTALL = YES;
				SWIFT_EMIT_LOC_STRINGS = YES;
				SWIFT_VERSION = 5.0;
				TARGETED_DEVICE_FAMILY = "1,2";
				VERSIONING_SYSTEM = "apple-generic";
				VERSION_INFO_PREFIX = "";
			};
			name = Debug;
		};
		AEF3CA3B28DCFA0600506492 /* Release */ = {
			isa = XCBuildConfiguration;
			buildSettings = {
				CODE_SIGN_STYLE = Automatic;
				CURRENT_PROJECT_VERSION = 1;
				DEFINES_MODULE = YES;
				DYLIB_COMPATIBILITY_VERSION = 1;
				DYLIB_CURRENT_VERSION = 1;
				DYLIB_INSTALL_NAME_BASE = "@rpath";
				GENERATE_INFOPLIST_FILE = YES;
				INFOPLIST_KEY_NSHumanReadableCopyright = "";
				INSTALL_PATH = "$(LOCAL_LIBRARY_DIR)/Frameworks";
				IPHONEOS_DEPLOYMENT_TARGET = 15.5;
				LD_RUNPATH_SEARCH_PATHS = (
					"$(inherited)",
					"@executable_path/Frameworks",
					"@loader_path/Frameworks",
				);
				MARKETING_VERSION = 1.0;
				PRODUCT_BUNDLE_IDENTIFIER = com.jageloo.Container;
				PRODUCT_NAME = "$(TARGET_NAME:c99extidentifier)";
				SDKROOT = iphoneos;
				SKIP_INSTALL = YES;
				SWIFT_EMIT_LOC_STRINGS = YES;
				SWIFT_VERSION = 5.0;
				TARGETED_DEVICE_FAMILY = "1,2";
				VALIDATE_PRODUCT = YES;
				VERSIONING_SYSTEM = "apple-generic";
				VERSION_INFO_PREFIX = "";
			};
			name = Release;
		};
		AEF3CA3D28DCFA0600506492 /* Debug */ = {
			isa = XCBuildConfiguration;
			buildSettings = {
				ALWAYS_EMBED_SWIFT_STANDARD_LIBRARIES = YES;
				CODE_SIGN_STYLE = Automatic;
				CURRENT_PROJECT_VERSION = 1;
				GENERATE_INFOPLIST_FILE = YES;
				IPHONEOS_DEPLOYMENT_TARGET = 15.5;
				MARKETING_VERSION = 1.0;
				PRODUCT_BUNDLE_IDENTIFIER = com.jageloo.ContainerTests;
				PRODUCT_NAME = "$(TARGET_NAME)";
				SDKROOT = iphoneos;
				SWIFT_EMIT_LOC_STRINGS = NO;
				SWIFT_VERSION = 5.0;
				TARGETED_DEVICE_FAMILY = "1,2";
				TEST_HOST = "$(BUILT_PRODUCTS_DIR)/SwiftUIEngineer.app/SwiftUIEngineer";
			};
			name = Debug;
		};
		AEF3CA3E28DCFA0600506492 /* Release */ = {
			isa = XCBuildConfiguration;
			buildSettings = {
				ALWAYS_EMBED_SWIFT_STANDARD_LIBRARIES = YES;
				CODE_SIGN_STYLE = Automatic;
				CURRENT_PROJECT_VERSION = 1;
				GENERATE_INFOPLIST_FILE = YES;
				IPHONEOS_DEPLOYMENT_TARGET = 15.5;
				MARKETING_VERSION = 1.0;
				PRODUCT_BUNDLE_IDENTIFIER = com.jageloo.ContainerTests;
				PRODUCT_NAME = "$(TARGET_NAME)";
				SDKROOT = iphoneos;
				SWIFT_EMIT_LOC_STRINGS = NO;
				SWIFT_VERSION = 5.0;
				TARGETED_DEVICE_FAMILY = "1,2";
				TEST_HOST = "$(BUILT_PRODUCTS_DIR)/SwiftUIEngineer.app/SwiftUIEngineer";
				VALIDATE_PRODUCT = YES;
			};
			name = Release;
		};
/* End XCBuildConfiguration section */

/* Begin XCConfigurationList section */
		AE26175728DAF8C0009EDE3F /* Build configuration list for PBXProject "SwiftUIEngineer" */ = {
			isa = XCConfigurationList;
			buildConfigurations = (
				AE26178728DAF8C2009EDE3F /* Debug */,
				AE26178828DAF8C2009EDE3F /* Release */,
			);
			defaultConfigurationIsVisible = 0;
			defaultConfigurationName = Release;
		};
		AE26178928DAF8C2009EDE3F /* Build configuration list for PBXNativeTarget "SwiftUIEngineer (iOS)" */ = {
			isa = XCConfigurationList;
			buildConfigurations = (
				AE26178A28DAF8C2009EDE3F /* Debug */,
				AE26178B28DAF8C2009EDE3F /* Release */,
			);
			defaultConfigurationIsVisible = 0;
			defaultConfigurationName = Release;
		};
		AE26178F28DAF8C2009EDE3F /* Build configuration list for PBXNativeTarget "Tests iOS" */ = {
			isa = XCConfigurationList;
			buildConfigurations = (
				AE26179028DAF8C2009EDE3F /* Debug */,
				AE26179128DAF8C2009EDE3F /* Release */,
			);
			defaultConfigurationIsVisible = 0;
			defaultConfigurationName = Release;
		};
		AEF3C9F928DB23B900506492 /* Build configuration list for PBXNativeTarget "SwiftUIViewComponents" */ = {
			isa = XCConfigurationList;
			buildConfigurations = (
				AEF3C9FA28DB23B900506492 /* Debug */,
				AEF3C9FB28DB23B900506492 /* Release */,
			);
			defaultConfigurationIsVisible = 0;
			defaultConfigurationName = Release;
		};
		AEF3C9FD28DB23B900506492 /* Build configuration list for PBXNativeTarget "SwiftUIViewComponentsTests" */ = {
			isa = XCConfigurationList;
			buildConfigurations = (
				AEF3C9FE28DB23B900506492 /* Debug */,
				AEF3C9FF28DB23B900506492 /* Release */,
			);
			defaultConfigurationIsVisible = 0;
			defaultConfigurationName = Release;
		};
		AEF3CA3928DCFA0600506492 /* Build configuration list for PBXNativeTarget "Container" */ = {
			isa = XCConfigurationList;
			buildConfigurations = (
				AEF3CA3A28DCFA0600506492 /* Debug */,
				AEF3CA3B28DCFA0600506492 /* Release */,
			);
			defaultConfigurationIsVisible = 0;
			defaultConfigurationName = Release;
		};
		AEF3CA3C28DCFA0600506492 /* Build configuration list for PBXNativeTarget "ContainerTests" */ = {
			isa = XCConfigurationList;
			buildConfigurations = (
				AEF3CA3D28DCFA0600506492 /* Debug */,
				AEF3CA3E28DCFA0600506492 /* Release */,
			);
			defaultConfigurationIsVisible = 0;
			defaultConfigurationName = Release;
		};
/* End XCConfigurationList section */
	};
	rootObject = AE26175428DAF8C0009EDE3F /* Project object */;
}
